// !$*UTF8*$!
{
	archiveVersion = 1;
	classes = {
	};
	objectVersion = 56;
	objects = {

/* Begin PBXBuildFile section */
		990BFD632B81D304001D8664 /* QuestView.swift in Sources */ = {isa = PBXBuildFile; fileRef = 990BFD622B81D304001D8664 /* QuestView.swift */; };
		990F92ED2B4BFA6400F175C7 /* QuestData+CoreDataClass.swift in Sources */ = {isa = PBXBuildFile; fileRef = 990F92EB2B4BFA6400F175C7 /* QuestData+CoreDataClass.swift */; };
		990F92EE2B4BFA6400F175C7 /* QuestData+CoreDataProperties.swift in Sources */ = {isa = PBXBuildFile; fileRef = 990F92EC2B4BFA6400F175C7 /* QuestData+CoreDataProperties.swift */; };
		994C590B2B50C1B900D5808B /* DetailViewController.swift in Sources */ = {isa = PBXBuildFile; fileRef = 994C590A2B50C1B900D5808B /* DetailViewController.swift */; };
		994C590D2B50C22E00D5808B /* QuestCell.swift in Sources */ = {isa = PBXBuildFile; fileRef = 994C590C2B50C22E00D5808B /* QuestCell.swift */; };
		994C590F2B50C25B00D5808B /* DetailView.swift in Sources */ = {isa = PBXBuildFile; fileRef = 994C590E2B50C25B00D5808B /* DetailView.swift */; };
		997B81CD2B2876C200999F6E /* QuestViewController.swift in Sources */ = {isa = PBXBuildFile; fileRef = 997B81CC2B2876C200999F6E /* QuestViewController.swift */; };
		BD1035B32BF5E162001EBF0A /* CoordinatorCase.swift in Sources */ = {isa = PBXBuildFile; fileRef = BD1035B22BF5E162001EBF0A /* CoordinatorCase.swift */; };
		BD1035B52BF5E1BB001EBF0A /* CoordinatorFinishDelegate.swift in Sources */ = {isa = PBXBuildFile; fileRef = BD1035B42BF5E1BB001EBF0A /* CoordinatorFinishDelegate.swift */; };
		BD1035B72BF5E29A001EBF0A /* DefaultAppCoordinator.swift in Sources */ = {isa = PBXBuildFile; fileRef = BD1035B62BF5E29A001EBF0A /* DefaultAppCoordinator.swift */; };
		BD1035BC2BF5E959001EBF0A /* SignupCoordinator.swift in Sources */ = {isa = PBXBuildFile; fileRef = BD1035BB2BF5E959001EBF0A /* SignupCoordinator.swift */; };
		BD1035BE2BF5F74A001EBF0A /* DefaultSignupCoordinator.swift in Sources */ = {isa = PBXBuildFile; fileRef = BD1035BD2BF5F74A001EBF0A /* DefaultSignupCoordinator.swift */; };
		BD1035C22BF60CD1001EBF0A /* QuestCoordinator.swift in Sources */ = {isa = PBXBuildFile; fileRef = BD1035C12BF60CD1001EBF0A /* QuestCoordinator.swift */; };
		BD1035C42BF60DDC001EBF0A /* DefaultQuestCoordinator.swift in Sources */ = {isa = PBXBuildFile; fileRef = BD1035C32BF60DDC001EBF0A /* DefaultQuestCoordinator.swift */; };
		BD1035C82BF611F5001EBF0A /* RankingCoordinator.swift in Sources */ = {isa = PBXBuildFile; fileRef = BD1035C72BF611F5001EBF0A /* RankingCoordinator.swift */; };
		BD1035CA2BF61316001EBF0A /* DefaultRankingCoordinator.swift in Sources */ = {isa = PBXBuildFile; fileRef = BD1035C92BF61316001EBF0A /* DefaultRankingCoordinator.swift */; };
		BD22DC082BF1E2C500416D35 /* Coordinator.swift in Sources */ = {isa = PBXBuildFile; fileRef = BD22DC072BF1E2C500416D35 /* Coordinator.swift */; };
		BD22DC0A2BF1E31F00416D35 /* AppCoordinator.swift in Sources */ = {isa = PBXBuildFile; fileRef = BD22DC092BF1E31F00416D35 /* AppCoordinator.swift */; };
		BDAA5E4E2BEF51620033CBC7 /* UILabel+.swift in Sources */ = {isa = PBXBuildFile; fileRef = BDAA5E4D2BEF51620033CBC7 /* UILabel+.swift */; };
		BDB4A02E2BE9FEE80076E564 /* URLRequestBuilder.swift in Sources */ = {isa = PBXBuildFile; fileRef = BDB4A02D2BE9FEE80076E564 /* URLRequestBuilder.swift */; };
		BDB4A0302BE9FF140076E564 /* HTTPMethod.swift in Sources */ = {isa = PBXBuildFile; fileRef = BDB4A02F2BE9FF140076E564 /* HTTPMethod.swift */; };
		BDB4A0322BE9FF3F0076E564 /* NetworkService.swift in Sources */ = {isa = PBXBuildFile; fileRef = BDB4A0312BE9FF3F0076E564 /* NetworkService.swift */; };
		BDB4A0342BE9FF700076E564 /* API.swift in Sources */ = {isa = PBXBuildFile; fileRef = BDB4A0332BE9FF700076E564 /* API.swift */; };
		BDB4A0372BEA102D0076E564 /* UserInfoDTO.swift in Sources */ = {isa = PBXBuildFile; fileRef = BDB4A0362BEA102D0076E564 /* UserInfoDTO.swift */; };
		BDB4A0392BEA19BA0076E564 /* UserIdRequestDTO.swift in Sources */ = {isa = PBXBuildFile; fileRef = BDB4A0382BEA19BA0076E564 /* UserIdRequestDTO.swift */; };
		BDB4A03E2BEA20F20076E564 /* DefaultRankingRepository.swift in Sources */ = {isa = PBXBuildFile; fileRef = BDB4A03D2BEA20F20076E564 /* DefaultRankingRepository.swift */; };
		BDB4A0402BEA3C4B0076E564 /* MyRankingResponseDTO.swift in Sources */ = {isa = PBXBuildFile; fileRef = BDB4A03F2BEA3C4B0076E564 /* MyRankingResponseDTO.swift */; };
		BDB4A0442BEA3E6B0076E564 /* RankingRepository.swift in Sources */ = {isa = PBXBuildFile; fileRef = BDB4A0432BEA3E6B0076E564 /* RankingRepository.swift */; };
		BDB4A0462BEA498E0076E564 /* AccountRepository.swift in Sources */ = {isa = PBXBuildFile; fileRef = BDB4A0452BEA498E0076E564 /* AccountRepository.swift */; };
		BDB4A0482BEA4A230076E564 /* CheckIdResponseDTO.swift in Sources */ = {isa = PBXBuildFile; fileRef = BDB4A0472BEA4A230076E564 /* CheckIdResponseDTO.swift */; };
		BDB4A04A2BEA4A910076E564 /* LoginResponseDTO.swift in Sources */ = {isa = PBXBuildFile; fileRef = BDB4A0492BEA4A910076E564 /* LoginResponseDTO.swift */; };
		BDB4A04C2BEA4B320076E564 /* ExperienceResponseDTO.swift in Sources */ = {isa = PBXBuildFile; fileRef = BDB4A04B2BEA4B320076E564 /* ExperienceResponseDTO.swift */; };
		BDB4A04E2BEA4B9D0076E564 /* DefaultAccountRepository.swift in Sources */ = {isa = PBXBuildFile; fileRef = BDB4A04D2BEA4B9D0076E564 /* DefaultAccountRepository.swift */; };
		BDB4A0502BEA4D0E0076E564 /* ErrorResponseDTO.swift in Sources */ = {isa = PBXBuildFile; fileRef = BDB4A04F2BEA4D0E0076E564 /* ErrorResponseDTO.swift */; };
		BDB4A0532BEA56710076E564 /* AccountError.swift in Sources */ = {isa = PBXBuildFile; fileRef = BDB4A0522BEA56710076E564 /* AccountError.swift */; };
		BDB4A0572BEB316F0076E564 /* RankingUsecase.swift in Sources */ = {isa = PBXBuildFile; fileRef = BDB4A0562BEB316F0076E564 /* RankingUsecase.swift */; };
		BDB4A0592BEB3ABF0076E564 /* AccountUsecase.swift in Sources */ = {isa = PBXBuildFile; fileRef = BDB4A0582BEB3ABF0076E564 /* AccountUsecase.swift */; };
		BDB4A05F2BEB3FE20076E564 /* RankingViewModel.swift in Sources */ = {isa = PBXBuildFile; fileRef = BDB4A05E2BEB3FE20076E564 /* RankingViewModel.swift */; };
		BDB4A0622BEB40370076E564 /* Observable.swift in Sources */ = {isa = PBXBuildFile; fileRef = BDB4A0612BEB40370076E564 /* Observable.swift */; };
		BDB4A0642BEB40BD0076E564 /* ViewModel.swift in Sources */ = {isa = PBXBuildFile; fileRef = BDB4A0632BEB40BD0076E564 /* ViewModel.swift */; };
		BDB4A0752BEE0AF70076E564 /* SignupViewModel.swift in Sources */ = {isa = PBXBuildFile; fileRef = BDB4A0742BEE0AF70076E564 /* SignupViewModel.swift */; };
		BDC88B472BB015BB00FA0A2F /* RankingViewController.swift in Sources */ = {isa = PBXBuildFile; fileRef = BDC88B462BB015BB00FA0A2F /* RankingViewController.swift */; };
		C10D6C462B2420C6005783BD /* DungGeunMo.ttf in Resources */ = {isa = PBXBuildFile; fileRef = C10D6C452B2420C5005783BD /* DungGeunMo.ttf */; };
		C10D6C492B242192005783BD /* StatsType.swift in Sources */ = {isa = PBXBuildFile; fileRef = C10D6C482B242192005783BD /* StatsType.swift */; };
		C10D6C4C2B242250005783BD /* APIService.swift in Sources */ = {isa = PBXBuildFile; fileRef = C10D6C4B2B242250005783BD /* APIService.swift */; };
		C10D6C512B242538005783BD /* LaunchScreen.storyboard in Resources */ = {isa = PBXBuildFile; fileRef = C10D6C4D2B242538005783BD /* LaunchScreen.storyboard */; };
		C12358F32B723BA80084FE36 /* ProfileView.swift in Sources */ = {isa = PBXBuildFile; fileRef = C12358F22B723BA80084FE36 /* ProfileView.swift */; };
		C12358F52B7250FD0084FE36 /* ProfileViewController.swift in Sources */ = {isa = PBXBuildFile; fileRef = C12358F42B7250FD0084FE36 /* ProfileViewController.swift */; };
		C131B3C82BF0A4E000020CFE /* ProfileUsecase.swift in Sources */ = {isa = PBXBuildFile; fileRef = C131B3C72BF0A4E000020CFE /* ProfileUsecase.swift */; };
		C131B3CA2BF0A58700020CFE /* ProfileRepository.swift in Sources */ = {isa = PBXBuildFile; fileRef = C131B3C92BF0A58700020CFE /* ProfileRepository.swift */; };
		C131B3CC2BF0A61D00020CFE /* DefaultProfileRepository.swift in Sources */ = {isa = PBXBuildFile; fileRef = C131B3CB2BF0A61D00020CFE /* DefaultProfileRepository.swift */; };
		C131B3D02BF24E5A00020CFE /* NoticeViewController.swift in Sources */ = {isa = PBXBuildFile; fileRef = C131B3CF2BF24E5A00020CFE /* NoticeViewController.swift */; };
		C131B3D22BF24E7F00020CFE /* NoticeView.swift in Sources */ = {isa = PBXBuildFile; fileRef = C131B3D12BF24E7F00020CFE /* NoticeView.swift */; };
		C1479DDF2B8F201F0007C896 /* AloneDailyQuest_Project.xcdatamodeld in Sources */ = {isa = PBXBuildFile; fileRef = C1FC22C52B8F1F9C0077D6FC /* AloneDailyQuest_Project.xcdatamodeld */; };
		C1479DE12B8F21160007C896 /* Bundle+Extension.swift in Sources */ = {isa = PBXBuildFile; fileRef = C1479DE02B8F21160007C896 /* Bundle+Extension.swift */; };
		C1479DE52B8F4B4C0007C896 /* TabView.swift in Sources */ = {isa = PBXBuildFile; fileRef = C1479DE42B8F4B4C0007C896 /* TabView.swift */; };
		C151F3CA2B5FD6BB00311869 /* ProfileBoxView.swift in Sources */ = {isa = PBXBuildFile; fileRef = C151F3C92B5FD6BB00311869 /* ProfileBoxView.swift */; };
		C159E3932B1967AC00BB67F8 /* SignupViewController.swift in Sources */ = {isa = PBXBuildFile; fileRef = C159E3912B1967AC00BB67F8 /* SignupViewController.swift */; };
		C159E3962B1968F200BB67F8 /* LoginView.swift in Sources */ = {isa = PBXBuildFile; fileRef = C159E3952B1968F200BB67F8 /* LoginView.swift */; };
		C15C48AE2B61F646002EA255 /* UserInfo.swift in Sources */ = {isa = PBXBuildFile; fileRef = C15C48AD2B61F646002EA255 /* UserInfo.swift */; };
		C15C48B02B61F737002EA255 /* UserInfoManager.swift in Sources */ = {isa = PBXBuildFile; fileRef = C15C48AF2B61F737002EA255 /* UserInfoManager.swift */; };
		C174B4942B2D4D5600692447 /* UIView+.swift in Sources */ = {isa = PBXBuildFile; fileRef = C174B4932B2D4D5600692447 /* UIView+.swift */; };
		C1D40C3C2B0602DE003248C0 /* AppDelegate.swift in Sources */ = {isa = PBXBuildFile; fileRef = C1D40C3B2B0602DE003248C0 /* AppDelegate.swift */; };
		C1D40C3E2B0602DE003248C0 /* SceneDelegate.swift in Sources */ = {isa = PBXBuildFile; fileRef = C1D40C3D2B0602DE003248C0 /* SceneDelegate.swift */; };
		C1D40C402B0602DE003248C0 /* ViewController.swift in Sources */ = {isa = PBXBuildFile; fileRef = C1D40C3F2B0602DE003248C0 /* ViewController.swift */; };
		C1E8ED342BEB9C2C00EA8B26 /* QuestInfo.swift in Sources */ = {isa = PBXBuildFile; fileRef = C1E8ED332BEB9C2C00EA8B26 /* QuestInfo.swift */; };
		C1E8ED362BEB9C4F00EA8B26 /* DefaultQuestRepository.swift in Sources */ = {isa = PBXBuildFile; fileRef = C1E8ED352BEB9C4F00EA8B26 /* DefaultQuestRepository.swift */; };
		C1E8ED382BEB9C6500EA8B26 /* QuestRepository.swift in Sources */ = {isa = PBXBuildFile; fileRef = C1E8ED372BEB9C6500EA8B26 /* QuestRepository.swift */; };
		C1E8ED3A2BEB9CAF00EA8B26 /* QuestUsecase.swift in Sources */ = {isa = PBXBuildFile; fileRef = C1E8ED392BEB9CAF00EA8B26 /* QuestUsecase.swift */; };
		C1EB515B2B6B75DE00744F64 /* UIColor+.swift in Sources */ = {isa = PBXBuildFile; fileRef = C1EB515A2B6B75DE00744F64 /* UIColor+.swift */; };
		C1EB515D2B6B77AC00744F64 /* UIViewController+.swift in Sources */ = {isa = PBXBuildFile; fileRef = C1EB515C2B6B77AC00744F64 /* UIViewController+.swift */; };
		C1F3D1252BEE039900EC1B26 /* QuestViewModel.swift in Sources */ = {isa = PBXBuildFile; fileRef = C1F3D1242BEE039900EC1B26 /* QuestViewModel.swift */; };
		C1F3D1272BEE3E9A00EC1B26 /* DetailViewModel.swift in Sources */ = {isa = PBXBuildFile; fileRef = C1F3D1262BEE3E9A00EC1B26 /* DetailViewModel.swift */; };
		C1FC22A92B8F17F40077D6FC /* Assets.xcassets in Resources */ = {isa = PBXBuildFile; fileRef = C1FC22A82B8F17F40077D6FC /* Assets.xcassets */; };
/* End PBXBuildFile section */

/* Begin PBXFileReference section */
		990BFD622B81D304001D8664 /* QuestView.swift */ = {isa = PBXFileReference; lastKnownFileType = sourcecode.swift; path = QuestView.swift; sourceTree = "<group>"; };
		990F92EB2B4BFA6400F175C7 /* QuestData+CoreDataClass.swift */ = {isa = PBXFileReference; lastKnownFileType = sourcecode.swift; path = "QuestData+CoreDataClass.swift"; sourceTree = "<group>"; };
		990F92EC2B4BFA6400F175C7 /* QuestData+CoreDataProperties.swift */ = {isa = PBXFileReference; lastKnownFileType = sourcecode.swift; path = "QuestData+CoreDataProperties.swift"; sourceTree = "<group>"; };
		994C590A2B50C1B900D5808B /* DetailViewController.swift */ = {isa = PBXFileReference; lastKnownFileType = sourcecode.swift; path = DetailViewController.swift; sourceTree = "<group>"; };
		994C590C2B50C22E00D5808B /* QuestCell.swift */ = {isa = PBXFileReference; lastKnownFileType = sourcecode.swift; path = QuestCell.swift; sourceTree = "<group>"; };
		994C590E2B50C25B00D5808B /* DetailView.swift */ = {isa = PBXFileReference; lastKnownFileType = sourcecode.swift; path = DetailView.swift; sourceTree = "<group>"; };
		997B81CC2B2876C200999F6E /* QuestViewController.swift */ = {isa = PBXFileReference; lastKnownFileType = sourcecode.swift; path = QuestViewController.swift; sourceTree = "<group>"; };
		BD1035B22BF5E162001EBF0A /* CoordinatorCase.swift */ = {isa = PBXFileReference; lastKnownFileType = sourcecode.swift; path = CoordinatorCase.swift; sourceTree = "<group>"; };
		BD1035B42BF5E1BB001EBF0A /* CoordinatorFinishDelegate.swift */ = {isa = PBXFileReference; lastKnownFileType = sourcecode.swift; path = CoordinatorFinishDelegate.swift; sourceTree = "<group>"; };
		BD1035B62BF5E29A001EBF0A /* DefaultAppCoordinator.swift */ = {isa = PBXFileReference; lastKnownFileType = sourcecode.swift; path = DefaultAppCoordinator.swift; sourceTree = "<group>"; };
		BD1035BB2BF5E959001EBF0A /* SignupCoordinator.swift */ = {isa = PBXFileReference; lastKnownFileType = sourcecode.swift; path = SignupCoordinator.swift; sourceTree = "<group>"; };
		BD1035BD2BF5F74A001EBF0A /* DefaultSignupCoordinator.swift */ = {isa = PBXFileReference; lastKnownFileType = sourcecode.swift; path = DefaultSignupCoordinator.swift; sourceTree = "<group>"; };
		BD1035C12BF60CD1001EBF0A /* QuestCoordinator.swift */ = {isa = PBXFileReference; lastKnownFileType = sourcecode.swift; path = QuestCoordinator.swift; sourceTree = "<group>"; };
		BD1035C32BF60DDC001EBF0A /* DefaultQuestCoordinator.swift */ = {isa = PBXFileReference; lastKnownFileType = sourcecode.swift; path = DefaultQuestCoordinator.swift; sourceTree = "<group>"; };
		BD1035C72BF611F5001EBF0A /* RankingCoordinator.swift */ = {isa = PBXFileReference; lastKnownFileType = sourcecode.swift; path = RankingCoordinator.swift; sourceTree = "<group>"; };
		BD1035C92BF61316001EBF0A /* DefaultRankingCoordinator.swift */ = {isa = PBXFileReference; lastKnownFileType = sourcecode.swift; path = DefaultRankingCoordinator.swift; sourceTree = "<group>"; };
		BD22DC072BF1E2C500416D35 /* Coordinator.swift */ = {isa = PBXFileReference; lastKnownFileType = sourcecode.swift; path = Coordinator.swift; sourceTree = "<group>"; };
		BD22DC092BF1E31F00416D35 /* AppCoordinator.swift */ = {isa = PBXFileReference; lastKnownFileType = sourcecode.swift; path = AppCoordinator.swift; sourceTree = "<group>"; };
		BDAA5E4D2BEF51620033CBC7 /* UILabel+.swift */ = {isa = PBXFileReference; lastKnownFileType = sourcecode.swift; path = "UILabel+.swift"; sourceTree = "<group>"; };
		BDB4A02D2BE9FEE80076E564 /* URLRequestBuilder.swift */ = {isa = PBXFileReference; lastKnownFileType = sourcecode.swift; path = URLRequestBuilder.swift; sourceTree = "<group>"; };
		BDB4A02F2BE9FF140076E564 /* HTTPMethod.swift */ = {isa = PBXFileReference; lastKnownFileType = sourcecode.swift; path = HTTPMethod.swift; sourceTree = "<group>"; };
		BDB4A0312BE9FF3F0076E564 /* NetworkService.swift */ = {isa = PBXFileReference; lastKnownFileType = sourcecode.swift; path = NetworkService.swift; sourceTree = "<group>"; };
		BDB4A0332BE9FF700076E564 /* API.swift */ = {isa = PBXFileReference; lastKnownFileType = sourcecode.swift; path = API.swift; sourceTree = "<group>"; };
		BDB4A0362BEA102D0076E564 /* UserInfoDTO.swift */ = {isa = PBXFileReference; lastKnownFileType = sourcecode.swift; path = UserInfoDTO.swift; sourceTree = "<group>"; };
		BDB4A0382BEA19BA0076E564 /* UserIdRequestDTO.swift */ = {isa = PBXFileReference; lastKnownFileType = sourcecode.swift; path = UserIdRequestDTO.swift; sourceTree = "<group>"; };
		BDB4A03D2BEA20F20076E564 /* DefaultRankingRepository.swift */ = {isa = PBXFileReference; lastKnownFileType = sourcecode.swift; path = DefaultRankingRepository.swift; sourceTree = "<group>"; };
		BDB4A03F2BEA3C4B0076E564 /* MyRankingResponseDTO.swift */ = {isa = PBXFileReference; lastKnownFileType = sourcecode.swift; path = MyRankingResponseDTO.swift; sourceTree = "<group>"; };
		BDB4A0432BEA3E6B0076E564 /* RankingRepository.swift */ = {isa = PBXFileReference; lastKnownFileType = sourcecode.swift; path = RankingRepository.swift; sourceTree = "<group>"; };
		BDB4A0452BEA498E0076E564 /* AccountRepository.swift */ = {isa = PBXFileReference; lastKnownFileType = sourcecode.swift; path = AccountRepository.swift; sourceTree = "<group>"; };
		BDB4A0472BEA4A230076E564 /* CheckIdResponseDTO.swift */ = {isa = PBXFileReference; lastKnownFileType = sourcecode.swift; path = CheckIdResponseDTO.swift; sourceTree = "<group>"; };
		BDB4A0492BEA4A910076E564 /* LoginResponseDTO.swift */ = {isa = PBXFileReference; lastKnownFileType = sourcecode.swift; path = LoginResponseDTO.swift; sourceTree = "<group>"; };
		BDB4A04B2BEA4B320076E564 /* ExperienceResponseDTO.swift */ = {isa = PBXFileReference; lastKnownFileType = sourcecode.swift; path = ExperienceResponseDTO.swift; sourceTree = "<group>"; };
		BDB4A04D2BEA4B9D0076E564 /* DefaultAccountRepository.swift */ = {isa = PBXFileReference; lastKnownFileType = sourcecode.swift; path = DefaultAccountRepository.swift; sourceTree = "<group>"; };
		BDB4A04F2BEA4D0E0076E564 /* ErrorResponseDTO.swift */ = {isa = PBXFileReference; lastKnownFileType = sourcecode.swift; path = ErrorResponseDTO.swift; sourceTree = "<group>"; };
		BDB4A0522BEA56710076E564 /* AccountError.swift */ = {isa = PBXFileReference; lastKnownFileType = sourcecode.swift; path = AccountError.swift; sourceTree = "<group>"; };
		BDB4A0562BEB316F0076E564 /* RankingUsecase.swift */ = {isa = PBXFileReference; lastKnownFileType = sourcecode.swift; path = RankingUsecase.swift; sourceTree = "<group>"; };
		BDB4A0582BEB3ABF0076E564 /* AccountUsecase.swift */ = {isa = PBXFileReference; lastKnownFileType = sourcecode.swift; path = AccountUsecase.swift; sourceTree = "<group>"; };
		BDB4A05E2BEB3FE20076E564 /* RankingViewModel.swift */ = {isa = PBXFileReference; lastKnownFileType = sourcecode.swift; path = RankingViewModel.swift; sourceTree = "<group>"; };
		BDB4A0612BEB40370076E564 /* Observable.swift */ = {isa = PBXFileReference; lastKnownFileType = sourcecode.swift; path = Observable.swift; sourceTree = "<group>"; };
		BDB4A0632BEB40BD0076E564 /* ViewModel.swift */ = {isa = PBXFileReference; lastKnownFileType = sourcecode.swift; path = ViewModel.swift; sourceTree = "<group>"; };
		BDB4A0742BEE0AF70076E564 /* SignupViewModel.swift */ = {isa = PBXFileReference; lastKnownFileType = sourcecode.swift; path = SignupViewModel.swift; sourceTree = "<group>"; };
		BDC88B462BB015BB00FA0A2F /* RankingViewController.swift */ = {isa = PBXFileReference; lastKnownFileType = sourcecode.swift; path = RankingViewController.swift; sourceTree = "<group>"; };
		C10D6C452B2420C5005783BD /* DungGeunMo.ttf */ = {isa = PBXFileReference; lastKnownFileType = file; path = DungGeunMo.ttf; sourceTree = "<group>"; };
		C10D6C482B242192005783BD /* StatsType.swift */ = {isa = PBXFileReference; lastKnownFileType = sourcecode.swift; path = StatsType.swift; sourceTree = "<group>"; };
		C10D6C4B2B242250005783BD /* APIService.swift */ = {isa = PBXFileReference; lastKnownFileType = sourcecode.swift; path = APIService.swift; sourceTree = "<group>"; };
		C10D6C4E2B242538005783BD /* Base */ = {isa = PBXFileReference; lastKnownFileType = file.storyboard; name = Base; path = Base.lproj/LaunchScreen.storyboard; sourceTree = "<group>"; };
		C12358F22B723BA80084FE36 /* ProfileView.swift */ = {isa = PBXFileReference; lastKnownFileType = sourcecode.swift; path = ProfileView.swift; sourceTree = "<group>"; };
		C12358F42B7250FD0084FE36 /* ProfileViewController.swift */ = {isa = PBXFileReference; lastKnownFileType = sourcecode.swift; path = ProfileViewController.swift; sourceTree = "<group>"; };
		C131B3C72BF0A4E000020CFE /* ProfileUsecase.swift */ = {isa = PBXFileReference; lastKnownFileType = sourcecode.swift; path = ProfileUsecase.swift; sourceTree = "<group>"; };
		C131B3C92BF0A58700020CFE /* ProfileRepository.swift */ = {isa = PBXFileReference; lastKnownFileType = sourcecode.swift; path = ProfileRepository.swift; sourceTree = "<group>"; };
		C131B3CB2BF0A61D00020CFE /* DefaultProfileRepository.swift */ = {isa = PBXFileReference; lastKnownFileType = sourcecode.swift; path = DefaultProfileRepository.swift; sourceTree = "<group>"; };
		C131B3CF2BF24E5A00020CFE /* NoticeViewController.swift */ = {isa = PBXFileReference; lastKnownFileType = sourcecode.swift; path = NoticeViewController.swift; sourceTree = "<group>"; };
		C131B3D12BF24E7F00020CFE /* NoticeView.swift */ = {isa = PBXFileReference; lastKnownFileType = sourcecode.swift; path = NoticeView.swift; sourceTree = "<group>"; };
		C1479DE02B8F21160007C896 /* Bundle+Extension.swift */ = {isa = PBXFileReference; lastKnownFileType = sourcecode.swift; path = "Bundle+Extension.swift"; sourceTree = "<group>"; };
		C1479DE42B8F4B4C0007C896 /* TabView.swift */ = {isa = PBXFileReference; lastKnownFileType = sourcecode.swift; path = TabView.swift; sourceTree = "<group>"; };
		C151F3C92B5FD6BB00311869 /* ProfileBoxView.swift */ = {isa = PBXFileReference; lastKnownFileType = sourcecode.swift; path = ProfileBoxView.swift; sourceTree = "<group>"; };
		C159E3912B1967AC00BB67F8 /* SignupViewController.swift */ = {isa = PBXFileReference; lastKnownFileType = sourcecode.swift; path = SignupViewController.swift; sourceTree = "<group>"; };
		C159E3952B1968F200BB67F8 /* LoginView.swift */ = {isa = PBXFileReference; lastKnownFileType = sourcecode.swift; path = LoginView.swift; sourceTree = "<group>"; };
		C15C48AD2B61F646002EA255 /* UserInfo.swift */ = {isa = PBXFileReference; lastKnownFileType = sourcecode.swift; path = UserInfo.swift; sourceTree = "<group>"; };
		C15C48AF2B61F737002EA255 /* UserInfoManager.swift */ = {isa = PBXFileReference; lastKnownFileType = sourcecode.swift; path = UserInfoManager.swift; sourceTree = "<group>"; };
		C174B4932B2D4D5600692447 /* UIView+.swift */ = {isa = PBXFileReference; lastKnownFileType = sourcecode.swift; path = "UIView+.swift"; sourceTree = "<group>"; };
		C1D40C382B0602DE003248C0 /* AloneDailyQuest_Project.app */ = {isa = PBXFileReference; explicitFileType = wrapper.application; includeInIndex = 0; path = AloneDailyQuest_Project.app; sourceTree = BUILT_PRODUCTS_DIR; };
		C1D40C3B2B0602DE003248C0 /* AppDelegate.swift */ = {isa = PBXFileReference; lastKnownFileType = sourcecode.swift; path = AppDelegate.swift; sourceTree = "<group>"; };
		C1D40C3D2B0602DE003248C0 /* SceneDelegate.swift */ = {isa = PBXFileReference; lastKnownFileType = sourcecode.swift; path = SceneDelegate.swift; sourceTree = "<group>"; };
		C1D40C3F2B0602DE003248C0 /* ViewController.swift */ = {isa = PBXFileReference; lastKnownFileType = sourcecode.swift; path = ViewController.swift; sourceTree = "<group>"; };
		C1D40C4C2B0602E0003248C0 /* Info.plist */ = {isa = PBXFileReference; lastKnownFileType = text.plist.xml; path = Info.plist; sourceTree = "<group>"; };
		C1E8ED332BEB9C2C00EA8B26 /* QuestInfo.swift */ = {isa = PBXFileReference; lastKnownFileType = sourcecode.swift; path = QuestInfo.swift; sourceTree = "<group>"; };
		C1E8ED352BEB9C4F00EA8B26 /* DefaultQuestRepository.swift */ = {isa = PBXFileReference; lastKnownFileType = sourcecode.swift; path = DefaultQuestRepository.swift; sourceTree = "<group>"; };
		C1E8ED372BEB9C6500EA8B26 /* QuestRepository.swift */ = {isa = PBXFileReference; lastKnownFileType = sourcecode.swift; path = QuestRepository.swift; sourceTree = "<group>"; };
		C1E8ED392BEB9CAF00EA8B26 /* QuestUsecase.swift */ = {isa = PBXFileReference; lastKnownFileType = sourcecode.swift; path = QuestUsecase.swift; sourceTree = "<group>"; };
		C1EB515A2B6B75DE00744F64 /* UIColor+.swift */ = {isa = PBXFileReference; lastKnownFileType = sourcecode.swift; path = "UIColor+.swift"; sourceTree = "<group>"; };
		C1EB515C2B6B77AC00744F64 /* UIViewController+.swift */ = {isa = PBXFileReference; lastKnownFileType = sourcecode.swift; path = "UIViewController+.swift"; sourceTree = "<group>"; };
		C1F3D1242BEE039900EC1B26 /* QuestViewModel.swift */ = {isa = PBXFileReference; lastKnownFileType = sourcecode.swift; path = QuestViewModel.swift; sourceTree = "<group>"; };
		C1F3D1262BEE3E9A00EC1B26 /* DetailViewModel.swift */ = {isa = PBXFileReference; lastKnownFileType = sourcecode.swift; path = DetailViewModel.swift; sourceTree = "<group>"; };
		C1FC22A82B8F17F40077D6FC /* Assets.xcassets */ = {isa = PBXFileReference; lastKnownFileType = folder.assetcatalog; path = Assets.xcassets; sourceTree = "<group>"; };
		C1FC22C62B8F1F9C0077D6FC /* AloneDailyQuest_Project.xcdatamodel */ = {isa = PBXFileReference; lastKnownFileType = wrapper.xcdatamodel; path = AloneDailyQuest_Project.xcdatamodel; sourceTree = "<group>"; };
/* End PBXFileReference section */

/* Begin PBXFrameworksBuildPhase section */
		C1D40C352B0602DE003248C0 /* Frameworks */ = {
			isa = PBXFrameworksBuildPhase;
			buildActionMask = 2147483647;
			files = (
			);
			runOnlyForDeploymentPostprocessing = 0;
		};
/* End PBXFrameworksBuildPhase section */

/* Begin PBXGroup section */
		BD1035B82BF5E445001EBF0A /* Delegate */ = {
			isa = PBXGroup;
			children = (
				BD1035B42BF5E1BB001EBF0A /* CoordinatorFinishDelegate.swift */,
			);
			path = Delegate;
			sourceTree = "<group>";
		};
		BD1035B92BF5E8F5001EBF0A /* Coordinator */ = {
			isa = PBXGroup;
			children = (
				BD1035BA2BF5E8FE001EBF0A /* Protocol */,
				BD1035BD2BF5F74A001EBF0A /* DefaultSignupCoordinator.swift */,
			);
			path = Coordinator;
			sourceTree = "<group>";
		};
		BD1035BA2BF5E8FE001EBF0A /* Protocol */ = {
			isa = PBXGroup;
			children = (
				BD1035BB2BF5E959001EBF0A /* SignupCoordinator.swift */,
			);
			path = Protocol;
			sourceTree = "<group>";
		};
		BD1035BF2BF60C57001EBF0A /* Coordinator */ = {
			isa = PBXGroup;
			children = (
				BD1035C02BF60C60001EBF0A /* Protocol */,
				BD1035C32BF60DDC001EBF0A /* DefaultQuestCoordinator.swift */,
			);
			path = Coordinator;
			sourceTree = "<group>";
		};
		BD1035C02BF60C60001EBF0A /* Protocol */ = {
			isa = PBXGroup;
			children = (
				BD1035C12BF60CD1001EBF0A /* QuestCoordinator.swift */,
			);
			path = Protocol;
			sourceTree = "<group>";
		};
		BD1035C52BF611B7001EBF0A /* Coordinator */ = {
			isa = PBXGroup;
			children = (
				BD1035C62BF611BF001EBF0A /* Protocol */,
				BD1035C92BF61316001EBF0A /* DefaultRankingCoordinator.swift */,
			);
			path = Coordinator;
			sourceTree = "<group>";
		};
		BD1035C62BF611BF001EBF0A /* Protocol */ = {
			isa = PBXGroup;
			children = (
				BD1035C72BF611F5001EBF0A /* RankingCoordinator.swift */,
			);
			path = Protocol;
			sourceTree = "<group>";
		};
		BD22DC062BF1E2AB00416D35 /* Coordinator */ = {
			isa = PBXGroup;
			children = (
				BD1035B82BF5E445001EBF0A /* Delegate */,
				BD22DC0B2BF3311D00416D35 /* Protocol */,
				BD1035B62BF5E29A001EBF0A /* DefaultAppCoordinator.swift */,
			);
			path = Coordinator;
			sourceTree = "<group>";
		};
		BD22DC0B2BF3311D00416D35 /* Protocol */ = {
			isa = PBXGroup;
			children = (
				BD22DC092BF1E31F00416D35 /* AppCoordinator.swift */,
				BD22DC072BF1E2C500416D35 /* Coordinator.swift */,
			);
			path = Protocol;
			sourceTree = "<group>";
		};
		BDB4A02B2BE9FE230076E564 /* Infra */ = {
			isa = PBXGroup;
			children = (
				BDB4A0602BEB40060076E564 /* Util */,
				BDB4A02C2BE9FE2B0076E564 /* Network */,
			);
			path = Infra;
			sourceTree = "<group>";
		};
		BDB4A02C2BE9FE2B0076E564 /* Network */ = {
			isa = PBXGroup;
			children = (
				BDB4A0352BEA10150076E564 /* DTO */,
				BDB4A02D2BE9FEE80076E564 /* URLRequestBuilder.swift */,
				BDB4A02F2BE9FF140076E564 /* HTTPMethod.swift */,
				BDB4A0312BE9FF3F0076E564 /* NetworkService.swift */,
				BDB4A0332BE9FF700076E564 /* API.swift */,
			);
			path = Network;
			sourceTree = "<group>";
		};
		BDB4A0352BEA10150076E564 /* DTO */ = {
			isa = PBXGroup;
			children = (
				BDB4A0362BEA102D0076E564 /* UserInfoDTO.swift */,
				BDB4A0382BEA19BA0076E564 /* UserIdRequestDTO.swift */,
				BDB4A03F2BEA3C4B0076E564 /* MyRankingResponseDTO.swift */,
				BDB4A0472BEA4A230076E564 /* CheckIdResponseDTO.swift */,
				BDB4A0492BEA4A910076E564 /* LoginResponseDTO.swift */,
				BDB4A04B2BEA4B320076E564 /* ExperienceResponseDTO.swift */,
				BDB4A04F2BEA4D0E0076E564 /* ErrorResponseDTO.swift */,
			);
			path = DTO;
			sourceTree = "<group>";
		};
		BDB4A03A2BEA20D20076E564 /* Data */ = {
			isa = PBXGroup;
			children = (
				BDB4A0512BEA56630076E564 /* Enum */,
				BDB4A03B2BEA20DA0076E564 /* Repository */,
			);
			path = Data;
			sourceTree = "<group>";
		};
		BDB4A03B2BEA20DA0076E564 /* Repository */ = {
			isa = PBXGroup;
			children = (
				BDB4A03D2BEA20F20076E564 /* DefaultRankingRepository.swift */,
				BDB4A04D2BEA4B9D0076E564 /* DefaultAccountRepository.swift */,
				C1E8ED352BEB9C4F00EA8B26 /* DefaultQuestRepository.swift */,
				C131B3CB2BF0A61D00020CFE /* DefaultProfileRepository.swift */,
			);
			path = Repository;
			sourceTree = "<group>";
		};
		BDB4A0412BEA3E1F0076E564 /* Domain */ = {
			isa = PBXGroup;
			children = (
				BDB4A0552BEB31360076E564 /* Entity */,
				BDB4A0542BEA68D40076E564 /* Usecase */,
				BDB4A0422BEA3E380076E564 /* Interface */,
			);
			path = Domain;
			sourceTree = "<group>";
		};
		BDB4A0422BEA3E380076E564 /* Interface */ = {
			isa = PBXGroup;
			children = (
				BDB4A0432BEA3E6B0076E564 /* RankingRepository.swift */,
				BDB4A0452BEA498E0076E564 /* AccountRepository.swift */,
				C1E8ED372BEB9C6500EA8B26 /* QuestRepository.swift */,
				C131B3C92BF0A58700020CFE /* ProfileRepository.swift */,
			);
			path = Interface;
			sourceTree = "<group>";
		};
		BDB4A0512BEA56630076E564 /* Enum */ = {
			isa = PBXGroup;
			children = (
				BDB4A0522BEA56710076E564 /* AccountError.swift */,
			);
			path = Enum;
			sourceTree = "<group>";
		};
		BDB4A0542BEA68D40076E564 /* Usecase */ = {
			isa = PBXGroup;
			children = (
				BDB4A0562BEB316F0076E564 /* RankingUsecase.swift */,
				BDB4A0582BEB3ABF0076E564 /* AccountUsecase.swift */,
				C1E8ED392BEB9CAF00EA8B26 /* QuestUsecase.swift */,
				C131B3C72BF0A4E000020CFE /* ProfileUsecase.swift */,
			);
			path = Usecase;
			sourceTree = "<group>";
		};
		BDB4A0552BEB31360076E564 /* Entity */ = {
			isa = PBXGroup;
			children = (
				C15C48AD2B61F646002EA255 /* UserInfo.swift */,
				C1E8ED332BEB9C2C00EA8B26 /* QuestInfo.swift */,
			);
			path = Entity;
			sourceTree = "<group>";
		};
		BDB4A05A2BEB3F300076E564 /* Presentation */ = {
			isa = PBXGroup;
			children = (
				C131B3CD2BF24C9800020CFE /* Notice */,
				C1F3D1202BEE031700EC1B26 /* Quest */,
				BDB4A06F2BEE07630076E564 /* Common */,
				BDB4A0712BEE08340076E564 /* Profile */,
				BDB4A06C2BEE05D10076E564 /* Start */,
				BDB4A05B2BEB3F3C0076E564 /* Ranking */,
			);
			path = Presentation;
			sourceTree = "<group>";
		};
		BDB4A05B2BEB3F3C0076E564 /* Ranking */ = {
			isa = PBXGroup;
			children = (
				BD1035C52BF611B7001EBF0A /* Coordinator */,
				BDB4A05D2BEB3F4A0076E564 /* ViewModel */,
				BDB4A05C2BEB3F450076E564 /* View */,
			);
			path = Ranking;
			sourceTree = "<group>";
		};
		BDB4A05C2BEB3F450076E564 /* View */ = {
			isa = PBXGroup;
			children = (
				BDC88B462BB015BB00FA0A2F /* RankingViewController.swift */,
			);
			path = View;
			sourceTree = "<group>";
		};
		BDB4A05D2BEB3F4A0076E564 /* ViewModel */ = {
			isa = PBXGroup;
			children = (
				BDB4A05E2BEB3FE20076E564 /* RankingViewModel.swift */,
			);
			path = ViewModel;
			sourceTree = "<group>";
		};
		BDB4A0602BEB40060076E564 /* Util */ = {
			isa = PBXGroup;
			children = (
				C174B4922B2D4D3B00692447 /* Extension */,
				BDB4A0612BEB40370076E564 /* Observable.swift */,
				BDB4A0632BEB40BD0076E564 /* ViewModel.swift */,
				BD1035B22BF5E162001EBF0A /* CoordinatorCase.swift */,
			);
			path = Util;
			sourceTree = "<group>";
		};
		BDB4A06C2BEE05D10076E564 /* Start */ = {
			isa = PBXGroup;
			children = (
				BD1035B92BF5E8F5001EBF0A /* Coordinator */,
				BDB4A06E2BEE05E20076E564 /* ViewModel */,
				BDB4A06D2BEE05DE0076E564 /* View */,
			);
			path = Start;
			sourceTree = "<group>";
		};
		BDB4A06D2BEE05DE0076E564 /* View */ = {
			isa = PBXGroup;
			children = (
				C159E3912B1967AC00BB67F8 /* SignupViewController.swift */,
				C159E3952B1968F200BB67F8 /* LoginView.swift */,
			);
			path = View;
			sourceTree = "<group>";
		};
		BDB4A06E2BEE05E20076E564 /* ViewModel */ = {
			isa = PBXGroup;
			children = (
				C15C48AF2B61F737002EA255 /* UserInfoManager.swift */,
				BDB4A0742BEE0AF70076E564 /* SignupViewModel.swift */,
			);
			path = ViewModel;
			sourceTree = "<group>";
		};
		BDB4A06F2BEE07630076E564 /* Common */ = {
			isa = PBXGroup;
			children = (
				BDB4A0702BEE076A0076E564 /* View */,
			);
			path = Common;
			sourceTree = "<group>";
		};
		BDB4A0702BEE076A0076E564 /* View */ = {
			isa = PBXGroup;
			children = (
				C1479DE42B8F4B4C0007C896 /* TabView.swift */,
				C151F3C92B5FD6BB00311869 /* ProfileBoxView.swift */,
			);
			path = View;
			sourceTree = "<group>";
		};
		BDB4A0712BEE08340076E564 /* Profile */ = {
			isa = PBXGroup;
			children = (
				BDB4A0732BEE08500076E564 /* ViewModel */,
				BDB4A0722BEE084B0076E564 /* View */,
			);
			path = Profile;
			sourceTree = "<group>";
		};
		BDB4A0722BEE084B0076E564 /* View */ = {
			isa = PBXGroup;
			children = (
				C12358F22B723BA80084FE36 /* ProfileView.swift */,
				C12358F42B7250FD0084FE36 /* ProfileViewController.swift */,
			);
			path = View;
			sourceTree = "<group>";
		};
		BDB4A0732BEE08500076E564 /* ViewModel */ = {
			isa = PBXGroup;
			children = (
			);
			path = ViewModel;
			sourceTree = "<group>";
		};
		C10D6C442B2420B9005783BD /* Font */ = {
			isa = PBXGroup;
			children = (
				C10D6C452B2420C5005783BD /* DungGeunMo.ttf */,
			);
			path = Font;
			sourceTree = "<group>";
		};
		C10D6C4A2B2421D9005783BD /* Enum */ = {
			isa = PBXGroup;
			children = (
				C10D6C482B242192005783BD /* StatsType.swift */,
			);
			path = Enum;
			sourceTree = "<group>";
		};
		C131B3CD2BF24C9800020CFE /* Notice */ = {
			isa = PBXGroup;
			children = (
				C131B3CE2BF24E4000020CFE /* View */,
			);
			path = Notice;
			sourceTree = "<group>";
		};
		C131B3CE2BF24E4000020CFE /* View */ = {
			isa = PBXGroup;
			children = (
				C131B3CF2BF24E5A00020CFE /* NoticeViewController.swift */,
				C131B3D12BF24E7F00020CFE /* NoticeView.swift */,
			);
			path = View;
			sourceTree = "<group>";
		};
		C159E38C2B19671B00BB67F8 /* Models */ = {
			isa = PBXGroup;
			children = (
				C10D6C4B2B242250005783BD /* APIService.swift */,
			);
			path = Models;
			sourceTree = "<group>";
		};
		C159E38D2B19672400BB67F8 /* Views */ = {
			isa = PBXGroup;
			children = (
				C10D6C4D2B242538005783BD /* LaunchScreen.storyboard */,
			);
			path = Views;
			sourceTree = "<group>";
		};
		C159E38E2B19672A00BB67F8 /* Controllers */ = {
			isa = PBXGroup;
			children = (
				C1D40C3F2B0602DE003248C0 /* ViewController.swift */,
			);
			path = Controllers;
			sourceTree = "<group>";
		};
		C174B4922B2D4D3B00692447 /* Extension */ = {
			isa = PBXGroup;
			children = (
				C174B4932B2D4D5600692447 /* UIView+.swift */,
				C1EB515A2B6B75DE00744F64 /* UIColor+.swift */,
				C1EB515C2B6B77AC00744F64 /* UIViewController+.swift */,
				C1479DE02B8F21160007C896 /* Bundle+Extension.swift */,
				BDAA5E4D2BEF51620033CBC7 /* UILabel+.swift */,
			);
			path = Extension;
			sourceTree = "<group>";
		};
		C174B4952B2D6DC300692447 /* Account */ = {
			isa = PBXGroup;
			children = (
				C174B4982B2D6DDE00692447 /* Controllers */,
				C174B4972B2D6DD800692447 /* Views */,
				C174B4962B2D6DCD00692447 /* Models */,
			);
			path = Account;
			sourceTree = "<group>";
		};
		C174B4962B2D6DCD00692447 /* Models */ = {
			isa = PBXGroup;
			children = (
			);
			path = Models;
			sourceTree = "<group>";
		};
		C174B4972B2D6DD800692447 /* Views */ = {
			isa = PBXGroup;
			children = (
			);
			path = Views;
			sourceTree = "<group>";
		};
		C174B4982B2D6DDE00692447 /* Controllers */ = {
			isa = PBXGroup;
			children = (
			);
			path = Controllers;
			sourceTree = "<group>";
		};
		C1D40C2F2B0602DE003248C0 = {
			isa = PBXGroup;
			children = (
				C1D40C3A2B0602DE003248C0 /* AloneDailyQuest_Project */,
				C1D40C392B0602DE003248C0 /* Products */,
			);
			sourceTree = "<group>";
		};
		C1D40C392B0602DE003248C0 /* Products */ = {
			isa = PBXGroup;
			children = (
				C1D40C382B0602DE003248C0 /* AloneDailyQuest_Project.app */,
			);
			name = Products;
			sourceTree = "<group>";
		};
		C1D40C3A2B0602DE003248C0 /* AloneDailyQuest_Project */ = {
			isa = PBXGroup;
			children = (
				BDB4A05A2BEB3F300076E564 /* Presentation */,
				BDB4A0412BEA3E1F0076E564 /* Domain */,
				BDB4A03A2BEA20D20076E564 /* Data */,
				BDB4A02B2BE9FE230076E564 /* Infra */,
				C1D40C4C2B0602E0003248C0 /* Info.plist */,
				C174B4952B2D6DC300692447 /* Account */,
				C10D6C4A2B2421D9005783BD /* Enum */,
				C10D6C442B2420B9005783BD /* Font */,
				C159E38C2B19671B00BB67F8 /* Models */,
				C159E38D2B19672400BB67F8 /* Views */,
				C159E38E2B19672A00BB67F8 /* Controllers */,
				C1FC22C22B8F1F890077D6FC /* App */,
			);
			path = AloneDailyQuest_Project;
			sourceTree = "<group>";
		};
		C1F3D1202BEE031700EC1B26 /* Quest */ = {
			isa = PBXGroup;
			children = (
				BD1035BF2BF60C57001EBF0A /* Coordinator */,
				C1F3D1222BEE032700EC1B26 /* View */,
				C1F3D1212BEE032100EC1B26 /* ViewModel */,
			);
			path = Quest;
			sourceTree = "<group>";
		};
		C1F3D1212BEE032100EC1B26 /* ViewModel */ = {
			isa = PBXGroup;
			children = (
				990F92EB2B4BFA6400F175C7 /* QuestData+CoreDataClass.swift */,
				990F92EC2B4BFA6400F175C7 /* QuestData+CoreDataProperties.swift */,
				C1F3D1242BEE039900EC1B26 /* QuestViewModel.swift */,
				C1F3D1262BEE3E9A00EC1B26 /* DetailViewModel.swift */,
			);
			path = ViewModel;
			sourceTree = "<group>";
		};
		C1F3D1222BEE032700EC1B26 /* View */ = {
			isa = PBXGroup;
			children = (
				997B81CC2B2876C200999F6E /* QuestViewController.swift */,
				994C590A2B50C1B900D5808B /* DetailViewController.swift */,
				990BFD622B81D304001D8664 /* QuestView.swift */,
				994C590C2B50C22E00D5808B /* QuestCell.swift */,
				994C590E2B50C25B00D5808B /* DetailView.swift */,
			);
			path = View;
			sourceTree = "<group>";
		};
		C1FC22C22B8F1F890077D6FC /* App */ = {
			isa = PBXGroup;
			children = (
				BD22DC062BF1E2AB00416D35 /* Coordinator */,
				C1FC22C52B8F1F9C0077D6FC /* AloneDailyQuest_Project.xcdatamodeld */,
				C1FC22A82B8F17F40077D6FC /* Assets.xcassets */,
				C1D40C3B2B0602DE003248C0 /* AppDelegate.swift */,
				C1D40C3D2B0602DE003248C0 /* SceneDelegate.swift */,
			);
			path = App;
			sourceTree = "<group>";
		};
/* End PBXGroup section */

/* Begin PBXNativeTarget section */
		C1D40C372B0602DE003248C0 /* AloneDailyQuest_Project */ = {
			isa = PBXNativeTarget;
			buildConfigurationList = C1D40C4F2B0602E0003248C0 /* Build configuration list for PBXNativeTarget "AloneDailyQuest_Project" */;
			buildPhases = (
				C1D40C342B0602DE003248C0 /* Sources */,
				C1D40C352B0602DE003248C0 /* Frameworks */,
				C1D40C362B0602DE003248C0 /* Resources */,
			);
			buildRules = (
			);
			dependencies = (
			);
			name = AloneDailyQuest_Project;
			productName = AloneDailyQuest_Project;
			productReference = C1D40C382B0602DE003248C0 /* AloneDailyQuest_Project.app */;
			productType = "com.apple.product-type.application";
		};
/* End PBXNativeTarget section */

/* Begin PBXProject section */
		C1D40C302B0602DE003248C0 /* Project object */ = {
			isa = PBXProject;
			attributes = {
				BuildIndependentTargetsInParallel = 1;
				LastSwiftUpdateCheck = 1500;
				LastUpgradeCheck = 1500;
				TargetAttributes = {
					C1D40C372B0602DE003248C0 = {
						CreatedOnToolsVersion = 15.0.1;
					};
				};
			};
			buildConfigurationList = C1D40C332B0602DE003248C0 /* Build configuration list for PBXProject "AloneDailyQuest_Project" */;
			compatibilityVersion = "Xcode 14.0";
			developmentRegion = en;
			hasScannedForEncodings = 0;
			knownRegions = (
				en,
				Base,
			);
			mainGroup = C1D40C2F2B0602DE003248C0;
			productRefGroup = C1D40C392B0602DE003248C0 /* Products */;
			projectDirPath = "";
			projectRoot = "";
			targets = (
				C1D40C372B0602DE003248C0 /* AloneDailyQuest_Project */,
			);
		};
/* End PBXProject section */

/* Begin PBXResourcesBuildPhase section */
		C1D40C362B0602DE003248C0 /* Resources */ = {
			isa = PBXResourcesBuildPhase;
			buildActionMask = 2147483647;
			files = (
				C10D6C512B242538005783BD /* LaunchScreen.storyboard in Resources */,
				C1FC22A92B8F17F40077D6FC /* Assets.xcassets in Resources */,
				C10D6C462B2420C6005783BD /* DungGeunMo.ttf in Resources */,
			);
			runOnlyForDeploymentPostprocessing = 0;
		};
/* End PBXResourcesBuildPhase section */

/* Begin PBXSourcesBuildPhase section */
		C1D40C342B0602DE003248C0 /* Sources */ = {
			isa = PBXSourcesBuildPhase;
			buildActionMask = 2147483647;
			files = (
				BD1035B32BF5E162001EBF0A /* CoordinatorCase.swift in Sources */,
				BDB4A0402BEA3C4B0076E564 /* MyRankingResponseDTO.swift in Sources */,
				C1E8ED3A2BEB9CAF00EA8B26 /* QuestUsecase.swift in Sources */,
				990F92EE2B4BFA6400F175C7 /* QuestData+CoreDataProperties.swift in Sources */,
				BDB4A04E2BEA4B9D0076E564 /* DefaultAccountRepository.swift in Sources */,
				BDB4A0572BEB316F0076E564 /* RankingUsecase.swift in Sources */,
				BDB4A04C2BEA4B320076E564 /* ExperienceResponseDTO.swift in Sources */,
				BD1035B52BF5E1BB001EBF0A /* CoordinatorFinishDelegate.swift in Sources */,
				C159E3962B1968F200BB67F8 /* LoginView.swift in Sources */,
				C1D40C402B0602DE003248C0 /* ViewController.swift in Sources */,
				C1E8ED342BEB9C2C00EA8B26 /* QuestInfo.swift in Sources */,
				BDC88B472BB015BB00FA0A2F /* RankingViewController.swift in Sources */,
				BD1035BC2BF5E959001EBF0A /* SignupCoordinator.swift in Sources */,
				C1479DE12B8F21160007C896 /* Bundle+Extension.swift in Sources */,
				BD1035C22BF60CD1001EBF0A /* QuestCoordinator.swift in Sources */,
				C15C48B02B61F737002EA255 /* UserInfoManager.swift in Sources */,
				BDB4A0752BEE0AF70076E564 /* SignupViewModel.swift in Sources */,
				BDB4A0502BEA4D0E0076E564 /* ErrorResponseDTO.swift in Sources */,
				C151F3CA2B5FD6BB00311869 /* ProfileBoxView.swift in Sources */,
				BD1035C42BF60DDC001EBF0A /* DefaultQuestCoordinator.swift in Sources */,
				C159E3932B1967AC00BB67F8 /* SignupViewController.swift in Sources */,
				BDAA5E4E2BEF51620033CBC7 /* UILabel+.swift in Sources */,
				990F92ED2B4BFA6400F175C7 /* QuestData+CoreDataClass.swift in Sources */,
				BD1035B72BF5E29A001EBF0A /* DefaultAppCoordinator.swift in Sources */,
				BD1035BE2BF5F74A001EBF0A /* DefaultSignupCoordinator.swift in Sources */,
				994C590D2B50C22E00D5808B /* QuestCell.swift in Sources */,
				BDB4A0302BE9FF140076E564 /* HTTPMethod.swift in Sources */,
				C1D40C3C2B0602DE003248C0 /* AppDelegate.swift in Sources */,
				BDB4A0532BEA56710076E564 /* AccountError.swift in Sources */,
				BD1035C82BF611F5001EBF0A /* RankingCoordinator.swift in Sources */,
				C1EB515B2B6B75DE00744F64 /* UIColor+.swift in Sources */,
				BDB4A0592BEB3ABF0076E564 /* AccountUsecase.swift in Sources */,
				C131B3CA2BF0A58700020CFE /* ProfileRepository.swift in Sources */,
				C131B3CC2BF0A61D00020CFE /* DefaultProfileRepository.swift in Sources */,
				BDB4A03E2BEA20F20076E564 /* DefaultRankingRepository.swift in Sources */,
				994C590F2B50C25B00D5808B /* DetailView.swift in Sources */,
				C1F3D1272BEE3E9A00EC1B26 /* DetailViewModel.swift in Sources */,
				C10D6C492B242192005783BD /* StatsType.swift in Sources */,
				C10D6C4C2B242250005783BD /* APIService.swift in Sources */,
				C1EB515D2B6B77AC00744F64 /* UIViewController+.swift in Sources */,
				C174B4942B2D4D5600692447 /* UIView+.swift in Sources */,
				BDB4A0462BEA498E0076E564 /* AccountRepository.swift in Sources */,
				BDB4A05F2BEB3FE20076E564 /* RankingViewModel.swift in Sources */,
				C131B3C82BF0A4E000020CFE /* ProfileUsecase.swift in Sources */,
				BDB4A0392BEA19BA0076E564 /* UserIdRequestDTO.swift in Sources */,
				C15C48AE2B61F646002EA255 /* UserInfo.swift in Sources */,
				C1E8ED382BEB9C6500EA8B26 /* QuestRepository.swift in Sources */,
				C1F3D1252BEE039900EC1B26 /* QuestViewModel.swift in Sources */,
				C1E8ED362BEB9C4F00EA8B26 /* DefaultQuestRepository.swift in Sources */,
				C131B3D02BF24E5A00020CFE /* NoticeViewController.swift in Sources */,
				BDB4A0322BE9FF3F0076E564 /* NetworkService.swift in Sources */,
				C1479DE52B8F4B4C0007C896 /* TabView.swift in Sources */,
				C12358F52B7250FD0084FE36 /* ProfileViewController.swift in Sources */,
				BDB4A0622BEB40370076E564 /* Observable.swift in Sources */,
				BDB4A0372BEA102D0076E564 /* UserInfoDTO.swift in Sources */,
				BD1035CA2BF61316001EBF0A /* DefaultRankingCoordinator.swift in Sources */,
				BD22DC0A2BF1E31F00416D35 /* AppCoordinator.swift in Sources */,
				C1D40C3E2B0602DE003248C0 /* SceneDelegate.swift in Sources */,
				C131B3D22BF24E7F00020CFE /* NoticeView.swift in Sources */,
				BDB4A02E2BE9FEE80076E564 /* URLRequestBuilder.swift in Sources */,
				BDB4A0642BEB40BD0076E564 /* ViewModel.swift in Sources */,
				C1479DDF2B8F201F0007C896 /* AloneDailyQuest_Project.xcdatamodeld in Sources */,
				997B81CD2B2876C200999F6E /* QuestViewController.swift in Sources */,
				BD22DC082BF1E2C500416D35 /* Coordinator.swift in Sources */,
				994C590B2B50C1B900D5808B /* DetailViewController.swift in Sources */,
				990BFD632B81D304001D8664 /* QuestView.swift in Sources */,
				BDB4A0482BEA4A230076E564 /* CheckIdResponseDTO.swift in Sources */,
				BDB4A04A2BEA4A910076E564 /* LoginResponseDTO.swift in Sources */,
				BDB4A0342BE9FF700076E564 /* API.swift in Sources */,
				BDB4A0442BEA3E6B0076E564 /* RankingRepository.swift in Sources */,
				C12358F32B723BA80084FE36 /* ProfileView.swift in Sources */,
			);
			runOnlyForDeploymentPostprocessing = 0;
		};
/* End PBXSourcesBuildPhase section */

/* Begin PBXVariantGroup section */
		C10D6C4D2B242538005783BD /* LaunchScreen.storyboard */ = {
			isa = PBXVariantGroup;
			children = (
				C10D6C4E2B242538005783BD /* Base */,
			);
			name = LaunchScreen.storyboard;
			sourceTree = "<group>";
		};
/* End PBXVariantGroup section */

/* Begin XCBuildConfiguration section */
		C1D40C4D2B0602E0003248C0 /* Debug */ = {
			isa = XCBuildConfiguration;
			buildSettings = {
				ALWAYS_SEARCH_USER_PATHS = NO;
				ASSETCATALOG_COMPILER_GENERATE_SWIFT_ASSET_SYMBOL_EXTENSIONS = YES;
				CLANG_ANALYZER_NONNULL = YES;
				CLANG_ANALYZER_NUMBER_OBJECT_CONVERSION = YES_AGGRESSIVE;
				CLANG_CXX_LANGUAGE_STANDARD = "gnu++20";
				CLANG_ENABLE_MODULES = YES;
				CLANG_ENABLE_OBJC_ARC = YES;
				CLANG_ENABLE_OBJC_WEAK = YES;
				CLANG_WARN_BLOCK_CAPTURE_AUTORELEASING = YES;
				CLANG_WARN_BOOL_CONVERSION = YES;
				CLANG_WARN_COMMA = YES;
				CLANG_WARN_CONSTANT_CONVERSION = YES;
				CLANG_WARN_DEPRECATED_OBJC_IMPLEMENTATIONS = YES;
				CLANG_WARN_DIRECT_OBJC_ISA_USAGE = YES_ERROR;
				CLANG_WARN_DOCUMENTATION_COMMENTS = YES;
				CLANG_WARN_EMPTY_BODY = YES;
				CLANG_WARN_ENUM_CONVERSION = YES;
				CLANG_WARN_INFINITE_RECURSION = YES;
				CLANG_WARN_INT_CONVERSION = YES;
				CLANG_WARN_NON_LITERAL_NULL_CONVERSION = YES;
				CLANG_WARN_OBJC_IMPLICIT_RETAIN_SELF = YES;
				CLANG_WARN_OBJC_LITERAL_CONVERSION = YES;
				CLANG_WARN_OBJC_ROOT_CLASS = YES_ERROR;
				CLANG_WARN_QUOTED_INCLUDE_IN_FRAMEWORK_HEADER = YES;
				CLANG_WARN_RANGE_LOOP_ANALYSIS = YES;
				CLANG_WARN_STRICT_PROTOTYPES = YES;
				CLANG_WARN_SUSPICIOUS_MOVE = YES;
				CLANG_WARN_UNGUARDED_AVAILABILITY = YES_AGGRESSIVE;
				CLANG_WARN_UNREACHABLE_CODE = YES;
				CLANG_WARN__DUPLICATE_METHOD_MATCH = YES;
				COPY_PHASE_STRIP = NO;
				DEBUG_INFORMATION_FORMAT = dwarf;
				ENABLE_STRICT_OBJC_MSGSEND = YES;
				ENABLE_TESTABILITY = YES;
				ENABLE_USER_SCRIPT_SANDBOXING = YES;
				GCC_C_LANGUAGE_STANDARD = gnu17;
				GCC_DYNAMIC_NO_PIC = NO;
				GCC_NO_COMMON_BLOCKS = YES;
				GCC_OPTIMIZATION_LEVEL = 0;
				GCC_PREPROCESSOR_DEFINITIONS = (
					"DEBUG=1",
					"$(inherited)",
				);
				GCC_WARN_64_TO_32_BIT_CONVERSION = YES;
				GCC_WARN_ABOUT_RETURN_TYPE = YES_ERROR;
				GCC_WARN_UNDECLARED_SELECTOR = YES;
				GCC_WARN_UNINITIALIZED_AUTOS = YES_AGGRESSIVE;
				GCC_WARN_UNUSED_FUNCTION = YES;
				GCC_WARN_UNUSED_VARIABLE = YES;
				IPHONEOS_DEPLOYMENT_TARGET = 17.0;
				LOCALIZATION_PREFERS_STRING_CATALOGS = YES;
				MTL_ENABLE_DEBUG_INFO = INCLUDE_SOURCE;
				MTL_FAST_MATH = YES;
				ONLY_ACTIVE_ARCH = YES;
				SDKROOT = iphoneos;
				SWIFT_ACTIVE_COMPILATION_CONDITIONS = "DEBUG $(inherited)";
				SWIFT_OPTIMIZATION_LEVEL = "-Onone";
			};
			name = Debug;
		};
		C1D40C4E2B0602E0003248C0 /* Release */ = {
			isa = XCBuildConfiguration;
			buildSettings = {
				ALWAYS_SEARCH_USER_PATHS = NO;
				ASSETCATALOG_COMPILER_GENERATE_SWIFT_ASSET_SYMBOL_EXTENSIONS = YES;
				CLANG_ANALYZER_NONNULL = YES;
				CLANG_ANALYZER_NUMBER_OBJECT_CONVERSION = YES_AGGRESSIVE;
				CLANG_CXX_LANGUAGE_STANDARD = "gnu++20";
				CLANG_ENABLE_MODULES = YES;
				CLANG_ENABLE_OBJC_ARC = YES;
				CLANG_ENABLE_OBJC_WEAK = YES;
				CLANG_WARN_BLOCK_CAPTURE_AUTORELEASING = YES;
				CLANG_WARN_BOOL_CONVERSION = YES;
				CLANG_WARN_COMMA = YES;
				CLANG_WARN_CONSTANT_CONVERSION = YES;
				CLANG_WARN_DEPRECATED_OBJC_IMPLEMENTATIONS = YES;
				CLANG_WARN_DIRECT_OBJC_ISA_USAGE = YES_ERROR;
				CLANG_WARN_DOCUMENTATION_COMMENTS = YES;
				CLANG_WARN_EMPTY_BODY = YES;
				CLANG_WARN_ENUM_CONVERSION = YES;
				CLANG_WARN_INFINITE_RECURSION = YES;
				CLANG_WARN_INT_CONVERSION = YES;
				CLANG_WARN_NON_LITERAL_NULL_CONVERSION = YES;
				CLANG_WARN_OBJC_IMPLICIT_RETAIN_SELF = YES;
				CLANG_WARN_OBJC_LITERAL_CONVERSION = YES;
				CLANG_WARN_OBJC_ROOT_CLASS = YES_ERROR;
				CLANG_WARN_QUOTED_INCLUDE_IN_FRAMEWORK_HEADER = YES;
				CLANG_WARN_RANGE_LOOP_ANALYSIS = YES;
				CLANG_WARN_STRICT_PROTOTYPES = YES;
				CLANG_WARN_SUSPICIOUS_MOVE = YES;
				CLANG_WARN_UNGUARDED_AVAILABILITY = YES_AGGRESSIVE;
				CLANG_WARN_UNREACHABLE_CODE = YES;
				CLANG_WARN__DUPLICATE_METHOD_MATCH = YES;
				COPY_PHASE_STRIP = NO;
				DEBUG_INFORMATION_FORMAT = "dwarf-with-dsym";
				ENABLE_NS_ASSERTIONS = NO;
				ENABLE_STRICT_OBJC_MSGSEND = YES;
				ENABLE_USER_SCRIPT_SANDBOXING = YES;
				GCC_C_LANGUAGE_STANDARD = gnu17;
				GCC_NO_COMMON_BLOCKS = YES;
				GCC_WARN_64_TO_32_BIT_CONVERSION = YES;
				GCC_WARN_ABOUT_RETURN_TYPE = YES_ERROR;
				GCC_WARN_UNDECLARED_SELECTOR = YES;
				GCC_WARN_UNINITIALIZED_AUTOS = YES_AGGRESSIVE;
				GCC_WARN_UNUSED_FUNCTION = YES;
				GCC_WARN_UNUSED_VARIABLE = YES;
				IPHONEOS_DEPLOYMENT_TARGET = 17.0;
				LOCALIZATION_PREFERS_STRING_CATALOGS = YES;
				MTL_ENABLE_DEBUG_INFO = NO;
				MTL_FAST_MATH = YES;
				SDKROOT = iphoneos;
				SWIFT_COMPILATION_MODE = wholemodule;
				VALIDATE_PRODUCT = YES;
			};
			name = Release;
		};
		C1D40C502B0602E0003248C0 /* Debug */ = {
			isa = XCBuildConfiguration;
			buildSettings = {
				ASSETCATALOG_COMPILER_APPICON_NAME = AppIcon;
				ASSETCATALOG_COMPILER_GLOBAL_ACCENT_COLOR_NAME = AccentColor;
				CODE_SIGN_STYLE = Automatic;
				CURRENT_PROJECT_VERSION = 1;
				DEVELOPMENT_TEAM = T92LV6HV88;
				GENERATE_INFOPLIST_FILE = YES;
				INFOPLIST_FILE = AloneDailyQuest_Project/Info.plist;
				INFOPLIST_KEY_UIApplicationSupportsIndirectInputEvents = YES;
				INFOPLIST_KEY_UILaunchStoryboardName = LaunchScreen;
				INFOPLIST_KEY_UISupportedInterfaceOrientations_iPad = UIInterfaceOrientationPortait;
				INFOPLIST_KEY_UISupportedInterfaceOrientations_iPhone = UIInterfaceOrientationPortait;
				IPHONEOS_DEPLOYMENT_TARGET = 15.0;
				LD_RUNPATH_SEARCH_PATHS = (
					"$(inherited)",
					"@executable_path/Frameworks",
				);
				MARKETING_VERSION = 1.0;
				PRODUCT_BUNDLE_IDENTIFIER = "notAlone.AloneDailyQuest-Project";
				PRODUCT_NAME = "$(TARGET_NAME)";
				SWIFT_EMIT_LOC_STRINGS = YES;
				SWIFT_VERSION = 5.0;
				TARGETED_DEVICE_FAMILY = 1;
			};
			name = Debug;
		};
		C1D40C512B0602E0003248C0 /* Release */ = {
			isa = XCBuildConfiguration;
			buildSettings = {
				ASSETCATALOG_COMPILER_APPICON_NAME = AppIcon;
				ASSETCATALOG_COMPILER_GLOBAL_ACCENT_COLOR_NAME = AccentColor;
				CODE_SIGN_STYLE = Automatic;
				CURRENT_PROJECT_VERSION = 1;
				DEVELOPMENT_TEAM = T92LV6HV88;
				GENERATE_INFOPLIST_FILE = YES;
				INFOPLIST_FILE = AloneDailyQuest_Project/Info.plist;
				INFOPLIST_KEY_UIApplicationSupportsIndirectInputEvents = YES;
				INFOPLIST_KEY_UILaunchStoryboardName = LaunchScreen;
				INFOPLIST_KEY_UISupportedInterfaceOrientations_iPad = UIInterfaceOrientationPortait;
				INFOPLIST_KEY_UISupportedInterfaceOrientations_iPhone = UIInterfaceOrientationPortait;
				IPHONEOS_DEPLOYMENT_TARGET = 15.0;
				LD_RUNPATH_SEARCH_PATHS = (
					"$(inherited)",
					"@executable_path/Frameworks",
				);
				MARKETING_VERSION = 1.0;
				PRODUCT_BUNDLE_IDENTIFIER = "notAlone.AloneDailyQuest-Project";
				PRODUCT_NAME = "$(TARGET_NAME)";
				SWIFT_EMIT_LOC_STRINGS = YES;
				SWIFT_VERSION = 5.0;
				TARGETED_DEVICE_FAMILY = 1;
			};
			name = Release;
		};
/* End XCBuildConfiguration section */

/* Begin XCConfigurationList section */
		C1D40C332B0602DE003248C0 /* Build configuration list for PBXProject "AloneDailyQuest_Project" */ = {
			isa = XCConfigurationList;
			buildConfigurations = (
				C1D40C4D2B0602E0003248C0 /* Debug */,
				C1D40C4E2B0602E0003248C0 /* Release */,
			);
			defaultConfigurationIsVisible = 0;
			defaultConfigurationName = Release;
		};
		C1D40C4F2B0602E0003248C0 /* Build configuration list for PBXNativeTarget "AloneDailyQuest_Project" */ = {
			isa = XCConfigurationList;
			buildConfigurations = (
				C1D40C502B0602E0003248C0 /* Debug */,
				C1D40C512B0602E0003248C0 /* Release */,
			);
			defaultConfigurationIsVisible = 0;
			defaultConfigurationName = Release;
		};
/* End XCConfigurationList section */

/* Begin XCVersionGroup section */
		C1FC22C52B8F1F9C0077D6FC /* AloneDailyQuest_Project.xcdatamodeld */ = {
			isa = XCVersionGroup;
			children = (
				C1FC22C62B8F1F9C0077D6FC /* AloneDailyQuest_Project.xcdatamodel */,
			);
			currentVersion = C1FC22C62B8F1F9C0077D6FC /* AloneDailyQuest_Project.xcdatamodel */;
			path = AloneDailyQuest_Project.xcdatamodeld;
			sourceTree = "<group>";
			versionGroupType = wrapper.xcdatamodel;
		};
/* End XCVersionGroup section */
	};
	rootObject = C1D40C302B0602DE003248C0 /* Project object */;
}
