// !$*UTF8*$!
{
	archiveVersion = 1;
	classes = {
	};
	objectVersion = 56;
	objects = {

/* Begin PBXBuildFile section */
		35206BD42B2D5C640098DED9 /* ProfileCalendarController.swift in Sources */ = {isa = PBXBuildFile; fileRef = 35206BD32B2D5C640098DED9 /* ProfileCalendarController.swift */; };
		35206BD62B2D5C800098DED9 /* ProfileCalendarView.swift in Sources */ = {isa = PBXBuildFile; fileRef = 35206BD52B2D5C800098DED9 /* ProfileCalendarView.swift */; };
		35206BD82B2D62860098DED9 /* ProfileInquiryController.swift in Sources */ = {isa = PBXBuildFile; fileRef = 35206BD72B2D62860098DED9 /* ProfileInquiryController.swift */; };
		35206BDA2B2D62980098DED9 /* ProfileInquiryView.swift in Sources */ = {isa = PBXBuildFile; fileRef = 35206BD92B2D62980098DED9 /* ProfileInquiryView.swift */; };
		35206BDC2B2D63AA0098DED9 /* Profile.swift in Sources */ = {isa = PBXBuildFile; fileRef = 35206BDB2B2D63AA0098DED9 /* Profile.swift */; };
		35206BDE2B2D63D40098DED9 /* ProfileDataManager.swift in Sources */ = {isa = PBXBuildFile; fileRef = 35206BDD2B2D63D40098DED9 /* ProfileDataManager.swift */; };
		35206BE02B2D6F4A0098DED9 /* ProfileTableCell.swift in Sources */ = {isa = PBXBuildFile; fileRef = 35206BDF2B2D6F4A0098DED9 /* ProfileTableCell.swift */; };
		35206C212B2D7EFC0098DED9 /* ProfileAddFriendView.swift in Sources */ = {isa = PBXBuildFile; fileRef = 35206C202B2D7EFC0098DED9 /* ProfileAddFriendView.swift */; };
		35206C232B2D7F1E0098DED9 /* ProfileAddFriendController.swift in Sources */ = {isa = PBXBuildFile; fileRef = 35206C222B2D7F1E0098DED9 /* ProfileAddFriendController.swift */; };
		35206C252B2FDB260098DED9 /* aloneDailyQuest in Resources */ = {isa = PBXBuildFile; fileRef = 35206C242B2FDB260098DED9 /* aloneDailyQuest */; };
		358A570D2B29E6ED007CA413 /* ProfileViewController.swift in Sources */ = {isa = PBXBuildFile; fileRef = 358A570C2B29E6ED007CA413 /* ProfileViewController.swift */; };
		C10D6C462B2420C6005783BD /* DungGeunMo.ttf in Resources */ = {isa = PBXBuildFile; fileRef = C10D6C452B2420C5005783BD /* DungGeunMo.ttf */; };
		C1D40C3C2B0602DE003248C0 /* AppDelegate.swift in Sources */ = {isa = PBXBuildFile; fileRef = C1D40C3B2B0602DE003248C0 /* AppDelegate.swift */; };
		C1D40C3E2B0602DE003248C0 /* SceneDelegate.swift in Sources */ = {isa = PBXBuildFile; fileRef = C1D40C3D2B0602DE003248C0 /* SceneDelegate.swift */; };
		C1D40C462B0602DE003248C0 /* AloneDailyQuest_Project.xcdatamodeld in Sources */ = {isa = PBXBuildFile; fileRef = C1D40C442B0602DE003248C0 /* AloneDailyQuest_Project.xcdatamodeld */; };
		C1D40C482B0602E0003248C0 /* Assets.xcassets in Resources */ = {isa = PBXBuildFile; fileRef = C1D40C472B0602E0003248C0 /* Assets.xcassets */; };
/* End PBXBuildFile section */

/* Begin PBXFileReference section */
		35206BD32B2D5C640098DED9 /* ProfileCalendarController.swift */ = {isa = PBXFileReference; lastKnownFileType = sourcecode.swift; path = ProfileCalendarController.swift; sourceTree = "<group>"; };
		35206BD52B2D5C800098DED9 /* ProfileCalendarView.swift */ = {isa = PBXFileReference; lastKnownFileType = sourcecode.swift; path = ProfileCalendarView.swift; sourceTree = "<group>"; };
		35206BD72B2D62860098DED9 /* ProfileInquiryController.swift */ = {isa = PBXFileReference; lastKnownFileType = sourcecode.swift; path = ProfileInquiryController.swift; sourceTree = "<group>"; };
		35206BD92B2D62980098DED9 /* ProfileInquiryView.swift */ = {isa = PBXFileReference; lastKnownFileType = sourcecode.swift; path = ProfileInquiryView.swift; sourceTree = "<group>"; };
		35206BDB2B2D63AA0098DED9 /* Profile.swift */ = {isa = PBXFileReference; lastKnownFileType = sourcecode.swift; path = Profile.swift; sourceTree = "<group>"; };
		35206BDD2B2D63D40098DED9 /* ProfileDataManager.swift */ = {isa = PBXFileReference; lastKnownFileType = sourcecode.swift; path = ProfileDataManager.swift; sourceTree = "<group>"; };
		35206BDF2B2D6F4A0098DED9 /* ProfileTableCell.swift */ = {isa = PBXFileReference; lastKnownFileType = sourcecode.swift; path = ProfileTableCell.swift; sourceTree = "<group>"; };
		35206C202B2D7EFC0098DED9 /* ProfileAddFriendView.swift */ = {isa = PBXFileReference; lastKnownFileType = sourcecode.swift; path = ProfileAddFriendView.swift; sourceTree = "<group>"; };
		35206C222B2D7F1E0098DED9 /* ProfileAddFriendController.swift */ = {isa = PBXFileReference; lastKnownFileType = sourcecode.swift; path = ProfileAddFriendController.swift; sourceTree = "<group>"; };
		35206C242B2FDB260098DED9 /* aloneDailyQuest */ = {isa = PBXFileReference; lastKnownFileType = folder; name = aloneDailyQuest; sourceTree = "<group>"; };
		358A570C2B29E6ED007CA413 /* ProfileViewController.swift */ = {isa = PBXFileReference; lastKnownFileType = sourcecode.swift; path = ProfileViewController.swift; sourceTree = "<group>"; };
		C10D6C452B2420C5005783BD /* DungGeunMo.ttf */ = {isa = PBXFileReference; lastKnownFileType = file; path = DungGeunMo.ttf; sourceTree = "<group>"; };
		C1D40C382B0602DE003248C0 /* AloneDailyQuest_Project.app */ = {isa = PBXFileReference; explicitFileType = wrapper.application; includeInIndex = 0; path = AloneDailyQuest_Project.app; sourceTree = BUILT_PRODUCTS_DIR; };
		C1D40C3B2B0602DE003248C0 /* AppDelegate.swift */ = {isa = PBXFileReference; lastKnownFileType = sourcecode.swift; path = AppDelegate.swift; sourceTree = "<group>"; };
		C1D40C3D2B0602DE003248C0 /* SceneDelegate.swift */ = {isa = PBXFileReference; lastKnownFileType = sourcecode.swift; path = SceneDelegate.swift; sourceTree = "<group>"; };
		C1D40C452B0602DE003248C0 /* AloneDailyQuest_Project.xcdatamodel */ = {isa = PBXFileReference; lastKnownFileType = wrapper.xcdatamodel; path = AloneDailyQuest_Project.xcdatamodel; sourceTree = "<group>"; };
		C1D40C472B0602E0003248C0 /* Assets.xcassets */ = {isa = PBXFileReference; lastKnownFileType = folder.assetcatalog; path = Assets.xcassets; sourceTree = "<group>"; };
		C1D40C4C2B0602E0003248C0 /* Info.plist */ = {isa = PBXFileReference; lastKnownFileType = text.plist.xml; path = Info.plist; sourceTree = "<group>"; };
/* End PBXFileReference section */

/* Begin PBXFrameworksBuildPhase section */
		C1D40C352B0602DE003248C0 /* Frameworks */ = {
			isa = PBXFrameworksBuildPhase;
			buildActionMask = 2147483647;
			files = (
			);
			runOnlyForDeploymentPostprocessing = 0;
		};
/* End PBXFrameworksBuildPhase section */

/* Begin PBXGroup section */
		35206BCD2B2D5A3D0098DED9 /* Profile */ = {
			isa = PBXGroup;
			children = (
				35206BCE2B2D5A6D0098DED9 /* Models */,
				35206BCF2B2D5A750098DED9 /* Views */,
				35206BD02B2D5A7D0098DED9 /* Controllers */,
			);
			path = Profile;
			sourceTree = "<group>";
		};
		35206BCE2B2D5A6D0098DED9 /* Models */ = {
			isa = PBXGroup;
			children = (
				35206BDB2B2D63AA0098DED9 /* Profile.swift */,
				35206BDD2B2D63D40098DED9 /* ProfileDataManager.swift */,
			);
			path = Models;
			sourceTree = "<group>";
		};
		35206BCF2B2D5A750098DED9 /* Views */ = {
			isa = PBXGroup;
			children = (
				35206BDF2B2D6F4A0098DED9 /* ProfileTableCell.swift */,
				35206BD52B2D5C800098DED9 /* ProfileCalendarView.swift */,
				35206BD92B2D62980098DED9 /* ProfileInquiryView.swift */,
				35206C202B2D7EFC0098DED9 /* ProfileAddFriendView.swift */,
			);
			path = Views;
			sourceTree = "<group>";
		};
		35206BD02B2D5A7D0098DED9 /* Controllers */ = {
			isa = PBXGroup;
			children = (
				358A570C2B29E6ED007CA413 /* ProfileViewController.swift */,
				35206BD32B2D5C640098DED9 /* ProfileCalendarController.swift */,
				35206BD72B2D62860098DED9 /* ProfileInquiryController.swift */,
				35206C222B2D7F1E0098DED9 /* ProfileAddFriendController.swift */,
			);
			path = Controllers;
			sourceTree = "<group>";
		};
		C10D6C442B2420B9005783BD /* Font */ = {
			isa = PBXGroup;
			children = (
				C10D6C452B2420C5005783BD /* DungGeunMo.ttf */,
			);
			path = Font;
			sourceTree = "<group>";
		};
		C1D40C2F2B0602DE003248C0 = {
			isa = PBXGroup;
			children = (
				35206C242B2FDB260098DED9 /* aloneDailyQuest */,
				C1D40C3A2B0602DE003248C0 /* AloneDailyQuest_Project */,
				C1D40C392B0602DE003248C0 /* Products */,
			);
			sourceTree = "<group>";
		};
		C1D40C392B0602DE003248C0 /* Products */ = {
			isa = PBXGroup;
			children = (
				C1D40C382B0602DE003248C0 /* AloneDailyQuest_Project.app */,
			);
			name = Products;
			sourceTree = "<group>";
		};
		C1D40C3A2B0602DE003248C0 /* AloneDailyQuest_Project */ = {
			isa = PBXGroup;
			children = (
				C10D6C442B2420B9005783BD /* Font */,
				C1D40C3B2B0602DE003248C0 /* AppDelegate.swift */,
				C1D40C3D2B0602DE003248C0 /* SceneDelegate.swift */,
				35206BCD2B2D5A3D0098DED9 /* Profile */,
				C1D40C472B0602E0003248C0 /* Assets.xcassets */,
				C1D40C4C2B0602E0003248C0 /* Info.plist */,
				C1D40C442B0602DE003248C0 /* AloneDailyQuest_Project.xcdatamodeld */,
			);
			path = AloneDailyQuest_Project;
			sourceTree = "<group>";
		};
/* End PBXGroup section */

/* Begin PBXNativeTarget section */
		C1D40C372B0602DE003248C0 /* AloneDailyQuest_Project */ = {
			isa = PBXNativeTarget;
			buildConfigurationList = C1D40C4F2B0602E0003248C0 /* Build configuration list for PBXNativeTarget "AloneDailyQuest_Project" */;
			buildPhases = (
				C1D40C342B0602DE003248C0 /* Sources */,
				C1D40C352B0602DE003248C0 /* Frameworks */,
				C1D40C362B0602DE003248C0 /* Resources */,
			);
			buildRules = (
			);
			dependencies = (
			);
			name = AloneDailyQuest_Project;
			productName = AloneDailyQuest_Project;
			productReference = C1D40C382B0602DE003248C0 /* AloneDailyQuest_Project.app */;
			productType = "com.apple.product-type.application";
		};
/* End PBXNativeTarget section */

/* Begin PBXProject section */
		C1D40C302B0602DE003248C0 /* Project object */ = {
			isa = PBXProject;
			attributes = {
				BuildIndependentTargetsInParallel = 1;
				LastSwiftUpdateCheck = 1500;
				LastUpgradeCheck = 1500;
				TargetAttributes = {
					C1D40C372B0602DE003248C0 = {
						CreatedOnToolsVersion = 15.0.1;
					};
				};
			};
			buildConfigurationList = C1D40C332B0602DE003248C0 /* Build configuration list for PBXProject "AloneDailyQuest_Project" */;
			compatibilityVersion = "Xcode 14.0";
			developmentRegion = en;
			hasScannedForEncodings = 0;
			knownRegions = (
				en,
				Base,
			);
			mainGroup = C1D40C2F2B0602DE003248C0;
			productRefGroup = C1D40C392B0602DE003248C0 /* Products */;
			projectDirPath = "";
			projectRoot = "";
			targets = (
				C1D40C372B0602DE003248C0 /* AloneDailyQuest_Project */,
			);
		};
/* End PBXProject section */

/* Begin PBXResourcesBuildPhase section */
		C1D40C362B0602DE003248C0 /* Resources */ = {
			isa = PBXResourcesBuildPhase;
			buildActionMask = 2147483647;
			files = (
				C1D40C482B0602E0003248C0 /* Assets.xcassets in Resources */,
				C10D6C462B2420C6005783BD /* DungGeunMo.ttf in Resources */,
				35206C252B2FDB260098DED9 /* aloneDailyQuest in Resources */,
			);
			runOnlyForDeploymentPostprocessing = 0;
		};
/* End PBXResourcesBuildPhase section */

/* Begin PBXSourcesBuildPhase section */
		C1D40C342B0602DE003248C0 /* Sources */ = {
			isa = PBXSourcesBuildPhase;
			buildActionMask = 2147483647;
			files = (
				35206BE02B2D6F4A0098DED9 /* ProfileTableCell.swift in Sources */,
				35206BD82B2D62860098DED9 /* ProfileInquiryController.swift in Sources */,
				35206BDC2B2D63AA0098DED9 /* Profile.swift in Sources */,
				35206BD62B2D5C800098DED9 /* ProfileCalendarView.swift in Sources */,
				35206BDA2B2D62980098DED9 /* ProfileInquiryView.swift in Sources */,
				C1D40C3C2B0602DE003248C0 /* AppDelegate.swift in Sources */,
				35206BDE2B2D63D40098DED9 /* ProfileDataManager.swift in Sources */,
				35206C232B2D7F1E0098DED9 /* ProfileAddFriendController.swift in Sources */,
				35206BD42B2D5C640098DED9 /* ProfileCalendarController.swift in Sources */,
				358A570D2B29E6ED007CA413 /* ProfileViewController.swift in Sources */,
				C1D40C462B0602DE003248C0 /* AloneDailyQuest_Project.xcdatamodeld in Sources */,
				C1D40C3E2B0602DE003248C0 /* SceneDelegate.swift in Sources */,
				35206C212B2D7EFC0098DED9 /* ProfileAddFriendView.swift in Sources */,
			);
			runOnlyForDeploymentPostprocessing = 0;
		};
/* End PBXSourcesBuildPhase section */

/* Begin XCBuildConfiguration section */
		C1D40C4D2B0602E0003248C0 /* Debug */ = {
			isa = XCBuildConfiguration;
			buildSettings = {
				ALWAYS_SEARCH_USER_PATHS = NO;
				ASSETCATALOG_COMPILER_GENERATE_SWIFT_ASSET_SYMBOL_EXTENSIONS = YES;
				CLANG_ANALYZER_NONNULL = YES;
				CLANG_ANALYZER_NUMBER_OBJECT_CONVERSION = YES_AGGRESSIVE;
				CLANG_CXX_LANGUAGE_STANDARD = "gnu++20";
				CLANG_ENABLE_MODULES = YES;
				CLANG_ENABLE_OBJC_ARC = YES;
				CLANG_ENABLE_OBJC_WEAK = YES;
				CLANG_WARN_BLOCK_CAPTURE_AUTORELEASING = YES;
				CLANG_WARN_BOOL_CONVERSION = YES;
				CLANG_WARN_COMMA = YES;
				CLANG_WARN_CONSTANT_CONVERSION = YES;
				CLANG_WARN_DEPRECATED_OBJC_IMPLEMENTATIONS = YES;
				CLANG_WARN_DIRECT_OBJC_ISA_USAGE = YES_ERROR;
				CLANG_WARN_DOCUMENTATION_COMMENTS = YES;
				CLANG_WARN_EMPTY_BODY = YES;
				CLANG_WARN_ENUM_CONVERSION = YES;
				CLANG_WARN_INFINITE_RECURSION = YES;
				CLANG_WARN_INT_CONVERSION = YES;
				CLANG_WARN_NON_LITERAL_NULL_CONVERSION = YES;
				CLANG_WARN_OBJC_IMPLICIT_RETAIN_SELF = YES;
				CLANG_WARN_OBJC_LITERAL_CONVERSION = YES;
				CLANG_WARN_OBJC_ROOT_CLASS = YES_ERROR;
				CLANG_WARN_QUOTED_INCLUDE_IN_FRAMEWORK_HEADER = YES;
				CLANG_WARN_RANGE_LOOP_ANALYSIS = YES;
				CLANG_WARN_STRICT_PROTOTYPES = YES;
				CLANG_WARN_SUSPICIOUS_MOVE = YES;
				CLANG_WARN_UNGUARDED_AVAILABILITY = YES_AGGRESSIVE;
				CLANG_WARN_UNREACHABLE_CODE = YES;
				CLANG_WARN__DUPLICATE_METHOD_MATCH = YES;
				COPY_PHASE_STRIP = NO;
				DEBUG_INFORMATION_FORMAT = dwarf;
				ENABLE_STRICT_OBJC_MSGSEND = YES;
				ENABLE_TESTABILITY = YES;
				ENABLE_USER_SCRIPT_SANDBOXING = YES;
				GCC_C_LANGUAGE_STANDARD = gnu17;
				GCC_DYNAMIC_NO_PIC = NO;
				GCC_NO_COMMON_BLOCKS = YES;
				GCC_OPTIMIZATION_LEVEL = 0;
				GCC_PREPROCESSOR_DEFINITIONS = (
					"DEBUG=1",
					"$(inherited)",
				);
				GCC_WARN_64_TO_32_BIT_CONVERSION = YES;
				GCC_WARN_ABOUT_RETURN_TYPE = YES_ERROR;
				GCC_WARN_UNDECLARED_SELECTOR = YES;
				GCC_WARN_UNINITIALIZED_AUTOS = YES_AGGRESSIVE;
				GCC_WARN_UNUSED_FUNCTION = YES;
				GCC_WARN_UNUSED_VARIABLE = YES;
				IPHONEOS_DEPLOYMENT_TARGET = 16.0;
				LOCALIZATION_PREFERS_STRING_CATALOGS = YES;
				MTL_ENABLE_DEBUG_INFO = INCLUDE_SOURCE;
				MTL_FAST_MATH = YES;
				ONLY_ACTIVE_ARCH = YES;
				SDKROOT = iphoneos;
				SWIFT_ACTIVE_COMPILATION_CONDITIONS = "DEBUG $(inherited)";
				SWIFT_OPTIMIZATION_LEVEL = "-Onone";
			};
			name = Debug;
		};
		C1D40C4E2B0602E0003248C0 /* Release */ = {
			isa = XCBuildConfiguration;
			buildSettings = {
				ALWAYS_SEARCH_USER_PATHS = NO;
				ASSETCATALOG_COMPILER_GENERATE_SWIFT_ASSET_SYMBOL_EXTENSIONS = YES;
				CLANG_ANALYZER_NONNULL = YES;
				CLANG_ANALYZER_NUMBER_OBJECT_CONVERSION = YES_AGGRESSIVE;
				CLANG_CXX_LANGUAGE_STANDARD = "gnu++20";
				CLANG_ENABLE_MODULES = YES;
				CLANG_ENABLE_OBJC_ARC = YES;
				CLANG_ENABLE_OBJC_WEAK = YES;
				CLANG_WARN_BLOCK_CAPTURE_AUTORELEASING = YES;
				CLANG_WARN_BOOL_CONVERSION = YES;
				CLANG_WARN_COMMA = YES;
				CLANG_WARN_CONSTANT_CONVERSION = YES;
				CLANG_WARN_DEPRECATED_OBJC_IMPLEMENTATIONS = YES;
				CLANG_WARN_DIRECT_OBJC_ISA_USAGE = YES_ERROR;
				CLANG_WARN_DOCUMENTATION_COMMENTS = YES;
				CLANG_WARN_EMPTY_BODY = YES;
				CLANG_WARN_ENUM_CONVERSION = YES;
				CLANG_WARN_INFINITE_RECURSION = YES;
				CLANG_WARN_INT_CONVERSION = YES;
				CLANG_WARN_NON_LITERAL_NULL_CONVERSION = YES;
				CLANG_WARN_OBJC_IMPLICIT_RETAIN_SELF = YES;
				CLANG_WARN_OBJC_LITERAL_CONVERSION = YES;
				CLANG_WARN_OBJC_ROOT_CLASS = YES_ERROR;
				CLANG_WARN_QUOTED_INCLUDE_IN_FRAMEWORK_HEADER = YES;
				CLANG_WARN_RANGE_LOOP_ANALYSIS = YES;
				CLANG_WARN_STRICT_PROTOTYPES = YES;
				CLANG_WARN_SUSPICIOUS_MOVE = YES;
				CLANG_WARN_UNGUARDED_AVAILABILITY = YES_AGGRESSIVE;
				CLANG_WARN_UNREACHABLE_CODE = YES;
				CLANG_WARN__DUPLICATE_METHOD_MATCH = YES;
				COPY_PHASE_STRIP = NO;
				DEBUG_INFORMATION_FORMAT = "dwarf-with-dsym";
				ENABLE_NS_ASSERTIONS = NO;
				ENABLE_STRICT_OBJC_MSGSEND = YES;
				ENABLE_USER_SCRIPT_SANDBOXING = YES;
				GCC_C_LANGUAGE_STANDARD = gnu17;
				GCC_NO_COMMON_BLOCKS = YES;
				GCC_WARN_64_TO_32_BIT_CONVERSION = YES;
				GCC_WARN_ABOUT_RETURN_TYPE = YES_ERROR;
				GCC_WARN_UNDECLARED_SELECTOR = YES;
				GCC_WARN_UNINITIALIZED_AUTOS = YES_AGGRESSIVE;
				GCC_WARN_UNUSED_FUNCTION = YES;
				GCC_WARN_UNUSED_VARIABLE = YES;
				IPHONEOS_DEPLOYMENT_TARGET = 16.0;
				LOCALIZATION_PREFERS_STRING_CATALOGS = YES;
				MTL_ENABLE_DEBUG_INFO = NO;
				MTL_FAST_MATH = YES;
				SDKROOT = iphoneos;
				SWIFT_COMPILATION_MODE = wholemodule;
				VALIDATE_PRODUCT = YES;
			};
			name = Release;
		};
		C1D40C502B0602E0003248C0 /* Debug */ = {
			isa = XCBuildConfiguration;
			buildSettings = {
				ASSETCATALOG_COMPILER_APPICON_NAME = AppIcon;
				ASSETCATALOG_COMPILER_GLOBAL_ACCENT_COLOR_NAME = AccentColor;
				CODE_SIGN_STYLE = Automatic;
				CURRENT_PROJECT_VERSION = 1;
				GENERATE_INFOPLIST_FILE = YES;
				INFOPLIST_FILE = AloneDailyQuest_Project/Info.plist;
				INFOPLIST_KEY_UIApplicationSupportsIndirectInputEvents = YES;
				INFOPLIST_KEY_UILaunchStoryboardName = LaunchScreen;
				INFOPLIST_KEY_UIMainStoryboardFile = "";
				INFOPLIST_KEY_UISupportedInterfaceOrientations_iPad = "UIInterfaceOrientationPortrait UIInterfaceOrientationPortraitUpsideDown UIInterfaceOrientationLandscapeLeft UIInterfaceOrientationLandscapeRight";
				INFOPLIST_KEY_UISupportedInterfaceOrientations_iPhone = "UIInterfaceOrientationPortrait UIInterfaceOrientationLandscapeLeft UIInterfaceOrientationLandscapeRight";
				IPHONEOS_DEPLOYMENT_TARGET = 15.0;
				LD_RUNPATH_SEARCH_PATHS = (
					"$(inherited)",
					"@executable_path/Frameworks",
				);
				MARKETING_VERSION = 1.0;
				PRODUCT_BUNDLE_IDENTIFIER = "notAlone.AloneDailyQuest-Project";
				PRODUCT_NAME = "$(TARGET_NAME)";
				SWIFT_EMIT_LOC_STRINGS = YES;
				SWIFT_VERSION = 5.0;
				TARGETED_DEVICE_FAMILY = "1,2";
			};
			name = Debug;
		};
		C1D40C512B0602E0003248C0 /* Release */ = {
			isa = XCBuildConfiguration;
			buildSettings = {
				ASSETCATALOG_COMPILER_APPICON_NAME = AppIcon;
				ASSETCATALOG_COMPILER_GLOBAL_ACCENT_COLOR_NAME = AccentColor;
				CODE_SIGN_STYLE = Automatic;
				CURRENT_PROJECT_VERSION = 1;
				GENERATE_INFOPLIST_FILE = YES;
				INFOPLIST_FILE = AloneDailyQuest_Project/Info.plist;
				INFOPLIST_KEY_UIApplicationSupportsIndirectInputEvents = YES;
				INFOPLIST_KEY_UILaunchStoryboardName = LaunchScreen;
				INFOPLIST_KEY_UIMainStoryboardFile = "";
				INFOPLIST_KEY_UISupportedInterfaceOrientations_iPad = "UIInterfaceOrientationPortrait UIInterfaceOrientationPortraitUpsideDown UIInterfaceOrientationLandscapeLeft UIInterfaceOrientationLandscapeRight";
				INFOPLIST_KEY_UISupportedInterfaceOrientations_iPhone = "UIInterfaceOrientationPortrait UIInterfaceOrientationLandscapeLeft UIInterfaceOrientationLandscapeRight";
				IPHONEOS_DEPLOYMENT_TARGET = 15.0;
				LD_RUNPATH_SEARCH_PATHS = (
					"$(inherited)",
					"@executable_path/Frameworks",
				);
				MARKETING_VERSION = 1.0;
				PRODUCT_BUNDLE_IDENTIFIER = "notAlone.AloneDailyQuest-Project";
				PRODUCT_NAME = "$(TARGET_NAME)";
				SWIFT_EMIT_LOC_STRINGS = YES;
				SWIFT_VERSION = 5.0;
				TARGETED_DEVICE_FAMILY = "1,2";
			};
			name = Release;
		};
/* End XCBuildConfiguration section */

/* Begin XCConfigurationList section */
		C1D40C332B0602DE003248C0 /* Build configuration list for PBXProject "AloneDailyQuest_Project" */ = {
			isa = XCConfigurationList;
			buildConfigurations = (
				C1D40C4D2B0602E0003248C0 /* Debug */,
				C1D40C4E2B0602E0003248C0 /* Release */,
			);
			defaultConfigurationIsVisible = 0;
			defaultConfigurationName = Release;
		};
		C1D40C4F2B0602E0003248C0 /* Build configuration list for PBXNativeTarget "AloneDailyQuest_Project" */ = {
			isa = XCConfigurationList;
			buildConfigurations = (
				C1D40C502B0602E0003248C0 /* Debug */,
				C1D40C512B0602E0003248C0 /* Release */,
			);
			defaultConfigurationIsVisible = 0;
			defaultConfigurationName = Release;
		};
/* End XCConfigurationList section */

/* Begin XCVersionGroup section */
		C1D40C442B0602DE003248C0 /* AloneDailyQuest_Project.xcdatamodeld */ = {
			isa = XCVersionGroup;
			children = (
				C1D40C452B0602DE003248C0 /* AloneDailyQuest_Project.xcdatamodel */,
			);
			currentVersion = C1D40C452B0602DE003248C0 /* AloneDailyQuest_Project.xcdatamodel */;
			path = AloneDailyQuest_Project.xcdatamodeld;
			sourceTree = "<group>";
			versionGroupType = wrapper.xcdatamodel;
		};
/* End XCVersionGroup section */
	};
	rootObject = C1D40C302B0602DE003248C0 /* Project object */;
}
