// !$*UTF8*$!
{
	archiveVersion = 1;
	classes = {
	};
	objectVersion = 56;
	objects = {

/* Begin PBXBuildFile section */
		990F92ED2B4BFA6400F175C7 /* QuestData+CoreDataClass.swift in Sources */ = {isa = PBXBuildFile; fileRef = 990F92EB2B4BFA6400F175C7 /* QuestData+CoreDataClass.swift */; };
		990F92EE2B4BFA6400F175C7 /* QuestData+CoreDataProperties.swift in Sources */ = {isa = PBXBuildFile; fileRef = 990F92EC2B4BFA6400F175C7 /* QuestData+CoreDataProperties.swift */; };
		990F92F02B4BFB1900F175C7 /* CoreDataManager.swift in Sources */ = {isa = PBXBuildFile; fileRef = 990F92EF2B4BFB1900F175C7 /* CoreDataManager.swift */; };
		994C590B2B50C1B900D5808B /* DetailViewController.swift in Sources */ = {isa = PBXBuildFile; fileRef = 994C590A2B50C1B900D5808B /* DetailViewController.swift */; };
		994C590D2B50C22E00D5808B /* QuestCell.swift in Sources */ = {isa = PBXBuildFile; fileRef = 994C590C2B50C22E00D5808B /* QuestCell.swift */; };
		994C590F2B50C25B00D5808B /* DetailView.swift in Sources */ = {isa = PBXBuildFile; fileRef = 994C590E2B50C25B00D5808B /* DetailView.swift */; };
		997B81CD2B2876C200999F6E /* QuestViewController.swift in Sources */ = {isa = PBXBuildFile; fileRef = 997B81CC2B2876C200999F6E /* QuestViewController.swift */; };
		C10D6C462B2420C6005783BD /* DungGeunMo.ttf in Resources */ = {isa = PBXBuildFile; fileRef = C10D6C452B2420C5005783BD /* DungGeunMo.ttf */; };
		C10D6C492B242192005783BD /* StatsType.swift in Sources */ = {isa = PBXBuildFile; fileRef = C10D6C482B242192005783BD /* StatsType.swift */; };
		C10D6C4C2B242250005783BD /* MemberData.swift in Sources */ = {isa = PBXBuildFile; fileRef = C10D6C4B2B242250005783BD /* MemberData.swift */; };
		C10D6C512B242538005783BD /* LaunchScreen.storyboard in Resources */ = {isa = PBXBuildFile; fileRef = C10D6C4D2B242538005783BD /* LaunchScreen.storyboard */; };
		C12358F32B723BA80084FE36 /* ProfileView.swift in Sources */ = {isa = PBXBuildFile; fileRef = C12358F22B723BA80084FE36 /* ProfileView.swift */; };
		C12358F52B7250FD0084FE36 /* ProfileViewController.swift in Sources */ = {isa = PBXBuildFile; fileRef = C12358F42B7250FD0084FE36 /* ProfileViewController.swift */; };
		C151F3CA2B5FD6BB00311869 /* ProfileBoxView.swift in Sources */ = {isa = PBXBuildFile; fileRef = C151F3C92B5FD6BB00311869 /* ProfileBoxView.swift */; };
		C159E3932B1967AC00BB67F8 /* AccountViewController.swift in Sources */ = {isa = PBXBuildFile; fileRef = C159E3912B1967AC00BB67F8 /* AccountViewController.swift */; };
		C159E3962B1968F200BB67F8 /* LoginView.swift in Sources */ = {isa = PBXBuildFile; fileRef = C159E3952B1968F200BB67F8 /* LoginView.swift */; };
		C15C48AE2B61F646002EA255 /* UserInfo.swift in Sources */ = {isa = PBXBuildFile; fileRef = C15C48AD2B61F646002EA255 /* UserInfo.swift */; };
		C15C48B02B61F737002EA255 /* UserInfoManager.swift in Sources */ = {isa = PBXBuildFile; fileRef = C15C48AF2B61F737002EA255 /* UserInfoManager.swift */; };
		C174B4942B2D4D5600692447 /* UIView+.swift in Sources */ = {isa = PBXBuildFile; fileRef = C174B4932B2D4D5600692447 /* UIView+.swift */; };
		C1D40C3C2B0602DE003248C0 /* AppDelegate.swift in Sources */ = {isa = PBXBuildFile; fileRef = C1D40C3B2B0602DE003248C0 /* AppDelegate.swift */; };
		C1D40C3E2B0602DE003248C0 /* SceneDelegate.swift in Sources */ = {isa = PBXBuildFile; fileRef = C1D40C3D2B0602DE003248C0 /* SceneDelegate.swift */; };
		C1D40C402B0602DE003248C0 /* ViewController.swift in Sources */ = {isa = PBXBuildFile; fileRef = C1D40C3F2B0602DE003248C0 /* ViewController.swift */; };
		C1D40C462B0602DE003248C0 /* AloneDailyQuest_Project.xcdatamodeld in Sources */ = {isa = PBXBuildFile; fileRef = C1D40C442B0602DE003248C0 /* AloneDailyQuest_Project.xcdatamodeld */; };
		C1EB51592B6B6AB700744F64 /* Assets.xcassets in Resources */ = {isa = PBXBuildFile; fileRef = C1EB51582B6B6AB700744F64 /* Assets.xcassets */; };
		C1EB515B2B6B75DE00744F64 /* UIColor+.swift in Sources */ = {isa = PBXBuildFile; fileRef = C1EB515A2B6B75DE00744F64 /* UIColor+.swift */; };
		C1EB515D2B6B77AC00744F64 /* UIViewController+.swift in Sources */ = {isa = PBXBuildFile; fileRef = C1EB515C2B6B77AC00744F64 /* UIViewController+.swift */; };
/* End PBXBuildFile section */

/* Begin PBXFileReference section */
		990F92EB2B4BFA6400F175C7 /* QuestData+CoreDataClass.swift */ = {isa = PBXFileReference; lastKnownFileType = sourcecode.swift; path = "QuestData+CoreDataClass.swift"; sourceTree = "<group>"; };
		990F92EC2B4BFA6400F175C7 /* QuestData+CoreDataProperties.swift */ = {isa = PBXFileReference; lastKnownFileType = sourcecode.swift; path = "QuestData+CoreDataProperties.swift"; sourceTree = "<group>"; };
		990F92EF2B4BFB1900F175C7 /* CoreDataManager.swift */ = {isa = PBXFileReference; lastKnownFileType = sourcecode.swift; path = CoreDataManager.swift; sourceTree = "<group>"; };
		994C590A2B50C1B900D5808B /* DetailViewController.swift */ = {isa = PBXFileReference; lastKnownFileType = sourcecode.swift; path = DetailViewController.swift; sourceTree = "<group>"; };
		994C590C2B50C22E00D5808B /* QuestCell.swift */ = {isa = PBXFileReference; lastKnownFileType = sourcecode.swift; path = QuestCell.swift; sourceTree = "<group>"; };
		994C590E2B50C25B00D5808B /* DetailView.swift */ = {isa = PBXFileReference; lastKnownFileType = sourcecode.swift; path = DetailView.swift; sourceTree = "<group>"; };
		997B81CC2B2876C200999F6E /* QuestViewController.swift */ = {isa = PBXFileReference; lastKnownFileType = sourcecode.swift; path = QuestViewController.swift; sourceTree = "<group>"; };
		C10D6C452B2420C5005783BD /* DungGeunMo.ttf */ = {isa = PBXFileReference; lastKnownFileType = file; path = DungGeunMo.ttf; sourceTree = "<group>"; };
		C10D6C482B242192005783BD /* StatsType.swift */ = {isa = PBXFileReference; lastKnownFileType = sourcecode.swift; path = StatsType.swift; sourceTree = "<group>"; };
		C10D6C4B2B242250005783BD /* MemberData.swift */ = {isa = PBXFileReference; lastKnownFileType = sourcecode.swift; path = MemberData.swift; sourceTree = "<group>"; };
		C10D6C4E2B242538005783BD /* Base */ = {isa = PBXFileReference; lastKnownFileType = file.storyboard; name = Base; path = Base.lproj/LaunchScreen.storyboard; sourceTree = "<group>"; };
		C12358F22B723BA80084FE36 /* ProfileView.swift */ = {isa = PBXFileReference; lastKnownFileType = sourcecode.swift; path = ProfileView.swift; sourceTree = "<group>"; };
		C12358F42B7250FD0084FE36 /* ProfileViewController.swift */ = {isa = PBXFileReference; lastKnownFileType = sourcecode.swift; path = ProfileViewController.swift; sourceTree = "<group>"; };
		C151F3C92B5FD6BB00311869 /* ProfileBoxView.swift */ = {isa = PBXFileReference; lastKnownFileType = sourcecode.swift; path = ProfileBoxView.swift; sourceTree = "<group>"; };
		C159E3912B1967AC00BB67F8 /* AccountViewController.swift */ = {isa = PBXFileReference; lastKnownFileType = sourcecode.swift; path = AccountViewController.swift; sourceTree = "<group>"; };
		C159E3952B1968F200BB67F8 /* LoginView.swift */ = {isa = PBXFileReference; lastKnownFileType = sourcecode.swift; path = LoginView.swift; sourceTree = "<group>"; };
		C15C48AD2B61F646002EA255 /* UserInfo.swift */ = {isa = PBXFileReference; lastKnownFileType = sourcecode.swift; path = UserInfo.swift; sourceTree = "<group>"; };
		C15C48AF2B61F737002EA255 /* UserInfoManager.swift */ = {isa = PBXFileReference; lastKnownFileType = sourcecode.swift; path = UserInfoManager.swift; sourceTree = "<group>"; };
		C174B4932B2D4D5600692447 /* UIView+.swift */ = {isa = PBXFileReference; lastKnownFileType = sourcecode.swift; path = "UIView+.swift"; sourceTree = "<group>"; };
		C1D40C382B0602DE003248C0 /* AloneDailyQuest_Project.app */ = {isa = PBXFileReference; explicitFileType = wrapper.application; includeInIndex = 0; path = AloneDailyQuest_Project.app; sourceTree = BUILT_PRODUCTS_DIR; };
		C1D40C3B2B0602DE003248C0 /* AppDelegate.swift */ = {isa = PBXFileReference; lastKnownFileType = sourcecode.swift; path = AppDelegate.swift; sourceTree = "<group>"; };
		C1D40C3D2B0602DE003248C0 /* SceneDelegate.swift */ = {isa = PBXFileReference; lastKnownFileType = sourcecode.swift; path = SceneDelegate.swift; sourceTree = "<group>"; };
		C1D40C3F2B0602DE003248C0 /* ViewController.swift */ = {isa = PBXFileReference; lastKnownFileType = sourcecode.swift; path = ViewController.swift; sourceTree = "<group>"; };
		C1D40C452B0602DE003248C0 /* AloneDailyQuest_Project.xcdatamodel */ = {isa = PBXFileReference; lastKnownFileType = wrapper.xcdatamodel; path = AloneDailyQuest_Project.xcdatamodel; sourceTree = "<group>"; };
		C1D40C4C2B0602E0003248C0 /* Info.plist */ = {isa = PBXFileReference; lastKnownFileType = text.plist.xml; path = Info.plist; sourceTree = "<group>"; };
		C1EB51582B6B6AB700744F64 /* Assets.xcassets */ = {isa = PBXFileReference; lastKnownFileType = folder.assetcatalog; name = Assets.xcassets; path = AloneDailyQuest_Project/Assets.xcassets; sourceTree = "<group>"; };
		C1EB515A2B6B75DE00744F64 /* UIColor+.swift */ = {isa = PBXFileReference; lastKnownFileType = sourcecode.swift; path = "UIColor+.swift"; sourceTree = "<group>"; };
		C1EB515C2B6B77AC00744F64 /* UIViewController+.swift */ = {isa = PBXFileReference; lastKnownFileType = sourcecode.swift; path = "UIViewController+.swift"; sourceTree = "<group>"; };
/* End PBXFileReference section */

/* Begin PBXFrameworksBuildPhase section */
		C1D40C352B0602DE003248C0 /* Frameworks */ = {
			isa = PBXFrameworksBuildPhase;
			buildActionMask = 2147483647;
			files = (
			);
			runOnlyForDeploymentPostprocessing = 0;
		};
/* End PBXFrameworksBuildPhase section */

/* Begin PBXGroup section */
		99233D5D2B2D6DBE000F9752 /* Quest_MVC */ = {
			isa = PBXGroup;
			children = (
				99233D5E2B2D6DD7000F9752 /* Models */,
				99233D5F2B2D6DDE000F9752 /* Views */,
				99233D602B2D6DE5000F9752 /* Controllers */,
			);
			path = Quest_MVC;
			sourceTree = "<group>";
		};
		99233D5E2B2D6DD7000F9752 /* Models */ = {
			isa = PBXGroup;
			children = (
				990F92EB2B4BFA6400F175C7 /* QuestData+CoreDataClass.swift */,
				990F92EC2B4BFA6400F175C7 /* QuestData+CoreDataProperties.swift */,
				990F92EF2B4BFB1900F175C7 /* CoreDataManager.swift */,
			);
			path = Models;
			sourceTree = "<group>";
		};
		99233D5F2B2D6DDE000F9752 /* Views */ = {
			isa = PBXGroup;
			children = (
				994C590C2B50C22E00D5808B /* QuestCell.swift */,
				994C590E2B50C25B00D5808B /* DetailView.swift */,
			);
			path = Views;
			sourceTree = "<group>";
		};
		99233D602B2D6DE5000F9752 /* Controllers */ = {
			isa = PBXGroup;
			children = (
				997B81CC2B2876C200999F6E /* QuestViewController.swift */,
				994C590A2B50C1B900D5808B /* DetailViewController.swift */,
			);
			path = Controllers;
			sourceTree = "<group>";
		};
		C10D6C442B2420B9005783BD /* Font */ = {
			isa = PBXGroup;
			children = (
				C10D6C452B2420C5005783BD /* DungGeunMo.ttf */,
			);
			path = Font;
			sourceTree = "<group>";
		};
		C10D6C4A2B2421D9005783BD /* Enum */ = {
			isa = PBXGroup;
			children = (
				C10D6C482B242192005783BD /* StatsType.swift */,
			);
			path = Enum;
			sourceTree = "<group>";
		};
		C159E38C2B19671B00BB67F8 /* Models */ = {
			isa = PBXGroup;
			children = (
				C10D6C4B2B242250005783BD /* MemberData.swift */,
			);
			path = Models;
			sourceTree = "<group>";
		};
		C159E38D2B19672400BB67F8 /* Views */ = {
			isa = PBXGroup;
			children = (
				C10D6C4D2B242538005783BD /* LaunchScreen.storyboard */,
			);
			path = Views;
			sourceTree = "<group>";
		};
		C159E38E2B19672A00BB67F8 /* Controllers */ = {
			isa = PBXGroup;
			children = (
				C1D40C3F2B0602DE003248C0 /* ViewController.swift */,
			);
			path = Controllers;
			sourceTree = "<group>";
		};
		C174B4922B2D4D3B00692447 /* Extension */ = {
			isa = PBXGroup;
			children = (
				C174B4932B2D4D5600692447 /* UIView+.swift */,
				C1EB515A2B6B75DE00744F64 /* UIColor+.swift */,
				C1EB515C2B6B77AC00744F64 /* UIViewController+.swift */,
			);
			path = Extension;
			sourceTree = "<group>";
		};
		C174B4952B2D6DC300692447 /* Account */ = {
			isa = PBXGroup;
			children = (
				C174B4982B2D6DDE00692447 /* Controllers */,
				C174B4972B2D6DD800692447 /* Views */,
				C174B4962B2D6DCD00692447 /* Models */,
			);
			path = Account;
			sourceTree = "<group>";
		};
		C174B4962B2D6DCD00692447 /* Models */ = {
			isa = PBXGroup;
			children = (
				C15C48AD2B61F646002EA255 /* UserInfo.swift */,
				C15C48AF2B61F737002EA255 /* UserInfoManager.swift */,
			);
			path = Models;
			sourceTree = "<group>";
		};
		C174B4972B2D6DD800692447 /* Views */ = {
			isa = PBXGroup;
			children = (
				C159E3952B1968F200BB67F8 /* LoginView.swift */,
				C151F3C92B5FD6BB00311869 /* ProfileBoxView.swift */,
				C12358F22B723BA80084FE36 /* ProfileView.swift */,
			);
			path = Views;
			sourceTree = "<group>";
		};
		C174B4982B2D6DDE00692447 /* Controllers */ = {
			isa = PBXGroup;
			children = (
				C159E3912B1967AC00BB67F8 /* AccountViewController.swift */,
				C12358F42B7250FD0084FE36 /* ProfileViewController.swift */,
			);
			path = Controllers;
			sourceTree = "<group>";
		};
		C1D40C2F2B0602DE003248C0 = {
			isa = PBXGroup;
			children = (
				C1D40C3A2B0602DE003248C0 /* AloneDailyQuest_Project */,
				C1D40C392B0602DE003248C0 /* Products */,
			);
			sourceTree = "<group>";
		};
		C1D40C392B0602DE003248C0 /* Products */ = {
			isa = PBXGroup;
			children = (
				C1D40C382B0602DE003248C0 /* AloneDailyQuest_Project.app */,
			);
			name = Products;
			sourceTree = "<group>";
		};
		C1D40C3A2B0602DE003248C0 /* AloneDailyQuest_Project */ = {
			isa = PBXGroup;
			children = (
				C1D40C3B2B0602DE003248C0 /* AppDelegate.swift */,
				C1D40C3D2B0602DE003248C0 /* SceneDelegate.swift */,
				99233D5D2B2D6DBE000F9752 /* Quest_MVC */,
				C174B4952B2D6DC300692447 /* Account */,
				C174B4922B2D4D3B00692447 /* Extension */,
				C10D6C4A2B2421D9005783BD /* Enum */,
				C10D6C442B2420B9005783BD /* Font */,
				C159E38C2B19671B00BB67F8 /* Models */,
				C159E38D2B19672400BB67F8 /* Views */,
				C159E38E2B19672A00BB67F8 /* Controllers */,
				C1EB51582B6B6AB700744F64 /* Assets.xcassets */,
				C1D40C4C2B0602E0003248C0 /* Info.plist */,
				C1D40C442B0602DE003248C0 /* AloneDailyQuest_Project.xcdatamodeld */,
			);
			path = AloneDailyQuest_Project;
			sourceTree = "<group>";
		};
/* End PBXGroup section */

/* Begin PBXNativeTarget section */
		C1D40C372B0602DE003248C0 /* AloneDailyQuest_Project */ = {
			isa = PBXNativeTarget;
			buildConfigurationList = C1D40C4F2B0602E0003248C0 /* Build configuration list for PBXNativeTarget "AloneDailyQuest_Project" */;
			buildPhases = (
				C1D40C342B0602DE003248C0 /* Sources */,
				C1D40C352B0602DE003248C0 /* Frameworks */,
				C1D40C362B0602DE003248C0 /* Resources */,
			);
			buildRules = (
			);
			dependencies = (
			);
			name = AloneDailyQuest_Project;
			productName = AloneDailyQuest_Project;
			productReference = C1D40C382B0602DE003248C0 /* AloneDailyQuest_Project.app */;
			productType = "com.apple.product-type.application";
		};
/* End PBXNativeTarget section */

/* Begin PBXProject section */
		C1D40C302B0602DE003248C0 /* Project object */ = {
			isa = PBXProject;
			attributes = {
				BuildIndependentTargetsInParallel = 1;
				LastSwiftUpdateCheck = 1500;
				LastUpgradeCheck = 1500;
				TargetAttributes = {
					C1D40C372B0602DE003248C0 = {
						CreatedOnToolsVersion = 15.0.1;
					};
				};
			};
			buildConfigurationList = C1D40C332B0602DE003248C0 /* Build configuration list for PBXProject "AloneDailyQuest_Project" */;
			compatibilityVersion = "Xcode 14.0";
			developmentRegion = en;
			hasScannedForEncodings = 0;
			knownRegions = (
				en,
				Base,
			);
			mainGroup = C1D40C2F2B0602DE003248C0;
			productRefGroup = C1D40C392B0602DE003248C0 /* Products */;
			projectDirPath = "";
			projectRoot = "";
			targets = (
				C1D40C372B0602DE003248C0 /* AloneDailyQuest_Project */,
			);
		};
/* End PBXProject section */

/* Begin PBXResourcesBuildPhase section */
		C1D40C362B0602DE003248C0 /* Resources */ = {
			isa = PBXResourcesBuildPhase;
			buildActionMask = 2147483647;
			files = (
				C10D6C512B242538005783BD /* LaunchScreen.storyboard in Resources */,
				C1EB51592B6B6AB700744F64 /* Assets.xcassets in Resources */,
				C10D6C462B2420C6005783BD /* DungGeunMo.ttf in Resources */,
			);
			runOnlyForDeploymentPostprocessing = 0;
		};
/* End PBXResourcesBuildPhase section */

/* Begin PBXSourcesBuildPhase section */
		C1D40C342B0602DE003248C0 /* Sources */ = {
			isa = PBXSourcesBuildPhase;
			buildActionMask = 2147483647;
			files = (
				990F92EE2B4BFA6400F175C7 /* QuestData+CoreDataProperties.swift in Sources */,
				C159E3962B1968F200BB67F8 /* LoginView.swift in Sources */,
				C1D40C402B0602DE003248C0 /* ViewController.swift in Sources */,
				C15C48B02B61F737002EA255 /* UserInfoManager.swift in Sources */,
				C151F3CA2B5FD6BB00311869 /* ProfileBoxView.swift in Sources */,
				C159E3932B1967AC00BB67F8 /* AccountViewController.swift in Sources */,
				990F92ED2B4BFA6400F175C7 /* QuestData+CoreDataClass.swift in Sources */,
				994C590D2B50C22E00D5808B /* QuestCell.swift in Sources */,
				C1D40C3C2B0602DE003248C0 /* AppDelegate.swift in Sources */,
				C1EB515B2B6B75DE00744F64 /* UIColor+.swift in Sources */,
				990F92F02B4BFB1900F175C7 /* CoreDataManager.swift in Sources */,
				994C590F2B50C25B00D5808B /* DetailView.swift in Sources */,
				C10D6C492B242192005783BD /* StatsType.swift in Sources */,
				C10D6C4C2B242250005783BD /* MemberData.swift in Sources */,
				C1EB515D2B6B77AC00744F64 /* UIViewController+.swift in Sources */,
				C174B4942B2D4D5600692447 /* UIView+.swift in Sources */,
				C1D40C462B0602DE003248C0 /* AloneDailyQuest_Project.xcdatamodeld in Sources */,
				C15C48AE2B61F646002EA255 /* UserInfo.swift in Sources */,
				C12358F52B7250FD0084FE36 /* ProfileViewController.swift in Sources */,
				C1D40C3E2B0602DE003248C0 /* SceneDelegate.swift in Sources */,
				997B81CD2B2876C200999F6E /* QuestViewController.swift in Sources */,
				994C590B2B50C1B900D5808B /* DetailViewController.swift in Sources */,
				C12358F32B723BA80084FE36 /* ProfileView.swift in Sources */,
			);
			runOnlyForDeploymentPostprocessing = 0;
		};
/* End PBXSourcesBuildPhase section */

/* Begin PBXVariantGroup section */
		C10D6C4D2B242538005783BD /* LaunchScreen.storyboard */ = {
			isa = PBXVariantGroup;
			children = (
				C10D6C4E2B242538005783BD /* Base */,
			);
			name = LaunchScreen.storyboard;
			sourceTree = "<group>";
		};
/* End PBXVariantGroup section */

/* Begin XCBuildConfiguration section */
		C1D40C4D2B0602E0003248C0 /* Debug */ = {
			isa = XCBuildConfiguration;
			buildSettings = {
				ALWAYS_SEARCH_USER_PATHS = NO;
				ASSETCATALOG_COMPILER_GENERATE_SWIFT_ASSET_SYMBOL_EXTENSIONS = YES;
				CLANG_ANALYZER_NONNULL = YES;
				CLANG_ANALYZER_NUMBER_OBJECT_CONVERSION = YES_AGGRESSIVE;
				CLANG_CXX_LANGUAGE_STANDARD = "gnu++20";
				CLANG_ENABLE_MODULES = YES;
				CLANG_ENABLE_OBJC_ARC = YES;
				CLANG_ENABLE_OBJC_WEAK = YES;
				CLANG_WARN_BLOCK_CAPTURE_AUTORELEASING = YES;
				CLANG_WARN_BOOL_CONVERSION = YES;
				CLANG_WARN_COMMA = YES;
				CLANG_WARN_CONSTANT_CONVERSION = YES;
				CLANG_WARN_DEPRECATED_OBJC_IMPLEMENTATIONS = YES;
				CLANG_WARN_DIRECT_OBJC_ISA_USAGE = YES_ERROR;
				CLANG_WARN_DOCUMENTATION_COMMENTS = YES;
				CLANG_WARN_EMPTY_BODY = YES;
				CLANG_WARN_ENUM_CONVERSION = YES;
				CLANG_WARN_INFINITE_RECURSION = YES;
				CLANG_WARN_INT_CONVERSION = YES;
				CLANG_WARN_NON_LITERAL_NULL_CONVERSION = YES;
				CLANG_WARN_OBJC_IMPLICIT_RETAIN_SELF = YES;
				CLANG_WARN_OBJC_LITERAL_CONVERSION = YES;
				CLANG_WARN_OBJC_ROOT_CLASS = YES_ERROR;
				CLANG_WARN_QUOTED_INCLUDE_IN_FRAMEWORK_HEADER = YES;
				CLANG_WARN_RANGE_LOOP_ANALYSIS = YES;
				CLANG_WARN_STRICT_PROTOTYPES = YES;
				CLANG_WARN_SUSPICIOUS_MOVE = YES;
				CLANG_WARN_UNGUARDED_AVAILABILITY = YES_AGGRESSIVE;
				CLANG_WARN_UNREACHABLE_CODE = YES;
				CLANG_WARN__DUPLICATE_METHOD_MATCH = YES;
				COPY_PHASE_STRIP = NO;
				DEBUG_INFORMATION_FORMAT = dwarf;
				ENABLE_STRICT_OBJC_MSGSEND = YES;
				ENABLE_TESTABILITY = YES;
				ENABLE_USER_SCRIPT_SANDBOXING = YES;
				GCC_C_LANGUAGE_STANDARD = gnu17;
				GCC_DYNAMIC_NO_PIC = NO;
				GCC_NO_COMMON_BLOCKS = YES;
				GCC_OPTIMIZATION_LEVEL = 0;
				GCC_PREPROCESSOR_DEFINITIONS = (
					"DEBUG=1",
					"$(inherited)",
				);
				GCC_WARN_64_TO_32_BIT_CONVERSION = YES;
				GCC_WARN_ABOUT_RETURN_TYPE = YES_ERROR;
				GCC_WARN_UNDECLARED_SELECTOR = YES;
				GCC_WARN_UNINITIALIZED_AUTOS = YES_AGGRESSIVE;
				GCC_WARN_UNUSED_FUNCTION = YES;
				GCC_WARN_UNUSED_VARIABLE = YES;
				IPHONEOS_DEPLOYMENT_TARGET = 17.0;
				LOCALIZATION_PREFERS_STRING_CATALOGS = YES;
				MTL_ENABLE_DEBUG_INFO = INCLUDE_SOURCE;
				MTL_FAST_MATH = YES;
				ONLY_ACTIVE_ARCH = YES;
				SDKROOT = iphoneos;
				SWIFT_ACTIVE_COMPILATION_CONDITIONS = "DEBUG $(inherited)";
				SWIFT_OPTIMIZATION_LEVEL = "-Onone";
			};
			name = Debug;
		};
		C1D40C4E2B0602E0003248C0 /* Release */ = {
			isa = XCBuildConfiguration;
			buildSettings = {
				ALWAYS_SEARCH_USER_PATHS = NO;
				ASSETCATALOG_COMPILER_GENERATE_SWIFT_ASSET_SYMBOL_EXTENSIONS = YES;
				CLANG_ANALYZER_NONNULL = YES;
				CLANG_ANALYZER_NUMBER_OBJECT_CONVERSION = YES_AGGRESSIVE;
				CLANG_CXX_LANGUAGE_STANDARD = "gnu++20";
				CLANG_ENABLE_MODULES = YES;
				CLANG_ENABLE_OBJC_ARC = YES;
				CLANG_ENABLE_OBJC_WEAK = YES;
				CLANG_WARN_BLOCK_CAPTURE_AUTORELEASING = YES;
				CLANG_WARN_BOOL_CONVERSION = YES;
				CLANG_WARN_COMMA = YES;
				CLANG_WARN_CONSTANT_CONVERSION = YES;
				CLANG_WARN_DEPRECATED_OBJC_IMPLEMENTATIONS = YES;
				CLANG_WARN_DIRECT_OBJC_ISA_USAGE = YES_ERROR;
				CLANG_WARN_DOCUMENTATION_COMMENTS = YES;
				CLANG_WARN_EMPTY_BODY = YES;
				CLANG_WARN_ENUM_CONVERSION = YES;
				CLANG_WARN_INFINITE_RECURSION = YES;
				CLANG_WARN_INT_CONVERSION = YES;
				CLANG_WARN_NON_LITERAL_NULL_CONVERSION = YES;
				CLANG_WARN_OBJC_IMPLICIT_RETAIN_SELF = YES;
				CLANG_WARN_OBJC_LITERAL_CONVERSION = YES;
				CLANG_WARN_OBJC_ROOT_CLASS = YES_ERROR;
				CLANG_WARN_QUOTED_INCLUDE_IN_FRAMEWORK_HEADER = YES;
				CLANG_WARN_RANGE_LOOP_ANALYSIS = YES;
				CLANG_WARN_STRICT_PROTOTYPES = YES;
				CLANG_WARN_SUSPICIOUS_MOVE = YES;
				CLANG_WARN_UNGUARDED_AVAILABILITY = YES_AGGRESSIVE;
				CLANG_WARN_UNREACHABLE_CODE = YES;
				CLANG_WARN__DUPLICATE_METHOD_MATCH = YES;
				COPY_PHASE_STRIP = NO;
				DEBUG_INFORMATION_FORMAT = "dwarf-with-dsym";
				ENABLE_NS_ASSERTIONS = NO;
				ENABLE_STRICT_OBJC_MSGSEND = YES;
				ENABLE_USER_SCRIPT_SANDBOXING = YES;
				GCC_C_LANGUAGE_STANDARD = gnu17;
				GCC_NO_COMMON_BLOCKS = YES;
				GCC_WARN_64_TO_32_BIT_CONVERSION = YES;
				GCC_WARN_ABOUT_RETURN_TYPE = YES_ERROR;
				GCC_WARN_UNDECLARED_SELECTOR = YES;
				GCC_WARN_UNINITIALIZED_AUTOS = YES_AGGRESSIVE;
				GCC_WARN_UNUSED_FUNCTION = YES;
				GCC_WARN_UNUSED_VARIABLE = YES;
				IPHONEOS_DEPLOYMENT_TARGET = 17.0;
				LOCALIZATION_PREFERS_STRING_CATALOGS = YES;
				MTL_ENABLE_DEBUG_INFO = NO;
				MTL_FAST_MATH = YES;
				SDKROOT = iphoneos;
				SWIFT_COMPILATION_MODE = wholemodule;
				VALIDATE_PRODUCT = YES;
			};
			name = Release;
		};
		C1D40C502B0602E0003248C0 /* Debug */ = {
			isa = XCBuildConfiguration;
			buildSettings = {
				ASSETCATALOG_COMPILER_APPICON_NAME = AppIcon;
				ASSETCATALOG_COMPILER_GLOBAL_ACCENT_COLOR_NAME = AccentColor;
				CODE_SIGN_STYLE = Automatic;
				CURRENT_PROJECT_VERSION = 1;
				DEVELOPMENT_TEAM = T92LV6HV88;
				GENERATE_INFOPLIST_FILE = YES;
				INFOPLIST_FILE = AloneDailyQuest_Project/Info.plist;
				INFOPLIST_KEY_UIApplicationSupportsIndirectInputEvents = YES;
				INFOPLIST_KEY_UILaunchStoryboardName = LaunchScreen;
				INFOPLIST_KEY_UISupportedInterfaceOrientations_iPad = UIInterfaceOrientationPortait;
				INFOPLIST_KEY_UISupportedInterfaceOrientations_iPhone = UIInterfaceOrientationPortait;
				IPHONEOS_DEPLOYMENT_TARGET = 15.0;
				LD_RUNPATH_SEARCH_PATHS = (
					"$(inherited)",
					"@executable_path/Frameworks",
				);
				MARKETING_VERSION = 1.0;
				PRODUCT_BUNDLE_IDENTIFIER = "notAlone.AloneDailyQuest-Project";
				PRODUCT_NAME = "$(TARGET_NAME)";
				SWIFT_EMIT_LOC_STRINGS = YES;
				SWIFT_VERSION = 5.0;
				TARGETED_DEVICE_FAMILY = 1;
			};
			name = Debug;
		};
		C1D40C512B0602E0003248C0 /* Release */ = {
			isa = XCBuildConfiguration;
			buildSettings = {
				ASSETCATALOG_COMPILER_APPICON_NAME = AppIcon;
				ASSETCATALOG_COMPILER_GLOBAL_ACCENT_COLOR_NAME = AccentColor;
				CODE_SIGN_STYLE = Automatic;
				CURRENT_PROJECT_VERSION = 1;
				DEVELOPMENT_TEAM = T92LV6HV88;
				GENERATE_INFOPLIST_FILE = YES;
				INFOPLIST_FILE = AloneDailyQuest_Project/Info.plist;
				INFOPLIST_KEY_UIApplicationSupportsIndirectInputEvents = YES;
				INFOPLIST_KEY_UILaunchStoryboardName = LaunchScreen;
				INFOPLIST_KEY_UISupportedInterfaceOrientations_iPad = UIInterfaceOrientationPortait;
				INFOPLIST_KEY_UISupportedInterfaceOrientations_iPhone = UIInterfaceOrientationPortait;
				IPHONEOS_DEPLOYMENT_TARGET = 15.0;
				LD_RUNPATH_SEARCH_PATHS = (
					"$(inherited)",
					"@executable_path/Frameworks",
				);
				MARKETING_VERSION = 1.0;
				PRODUCT_BUNDLE_IDENTIFIER = "notAlone.AloneDailyQuest-Project";
				PRODUCT_NAME = "$(TARGET_NAME)";
				SWIFT_EMIT_LOC_STRINGS = YES;
				SWIFT_VERSION = 5.0;
				TARGETED_DEVICE_FAMILY = 1;
			};
			name = Release;
		};
/* End XCBuildConfiguration section */

/* Begin XCConfigurationList section */
		C1D40C332B0602DE003248C0 /* Build configuration list for PBXProject "AloneDailyQuest_Project" */ = {
			isa = XCConfigurationList;
			buildConfigurations = (
				C1D40C4D2B0602E0003248C0 /* Debug */,
				C1D40C4E2B0602E0003248C0 /* Release */,
			);
			defaultConfigurationIsVisible = 0;
			defaultConfigurationName = Release;
		};
		C1D40C4F2B0602E0003248C0 /* Build configuration list for PBXNativeTarget "AloneDailyQuest_Project" */ = {
			isa = XCConfigurationList;
			buildConfigurations = (
				C1D40C502B0602E0003248C0 /* Debug */,
				C1D40C512B0602E0003248C0 /* Release */,
			);
			defaultConfigurationIsVisible = 0;
			defaultConfigurationName = Release;
		};
/* End XCConfigurationList section */

/* Begin XCVersionGroup section */
		C1D40C442B0602DE003248C0 /* AloneDailyQuest_Project.xcdatamodeld */ = {
			isa = XCVersionGroup;
			children = (
				C1D40C452B0602DE003248C0 /* AloneDailyQuest_Project.xcdatamodel */,
			);
			currentVersion = C1D40C452B0602DE003248C0 /* AloneDailyQuest_Project.xcdatamodel */;
			path = AloneDailyQuest_Project.xcdatamodeld;
			sourceTree = "<group>";
			versionGroupType = wrapper.xcdatamodel;
		};
/* End XCVersionGroup section */
	};
	rootObject = C1D40C302B0602DE003248C0 /* Project object */;
}
